
Microsoft Visual Studio Solution File, Format Version 12.00
# Visual Studio 15
VisualStudioVersion = 15.0.27703.1
MinimumVisualStudioVersion = 10.0.40219.1
Project("{FAE04EC0-301F-11D3-BF4B-00C04F79EFBC}") = "App2.Android", "App2\App2.Android\App2.Android.csproj", "{B1197270-FDF8-41A9-9372-65DAA8383999}"
EndProject
Project("{FAE04EC0-301F-11D3-BF4B-00C04F79EFBC}") = "App2.iOS", "App2\App2.iOS\App2.iOS.csproj", "{B85E5A6F-4F4E-44A6-B221-DCE97AF83031}"
EndProject
Project("{FAE04EC0-301F-11D3-BF4B-00C04F79EFBC}") = "App2", "App2\App2\App2.csproj", "{B8DF41EE-FD1E-4D2D-BD2D-55ECD35DE436}"
EndProject
Global
	GlobalSection(SolutionConfigurationPlatforms) = preSolution
		Ad-Hoc|Any CPU = Ad-Hoc|Any CPU
		Ad-Hoc|iPhone = Ad-Hoc|iPhone
		Ad-Hoc|iPhoneSimulator = Ad-Hoc|iPhoneSimulator
		AppStore|Any CPU = AppStore|Any CPU
		AppStore|iPhone = AppStore|iPhone
		AppStore|iPhoneSimulator = AppStore|iPhoneSimulator
		Debug|Any CPU = Debug|Any CPU
		Debug|iPhone = Debug|iPhone
		Debug|iPhoneSimulator = Debug|iPhoneSimulator
		Release|Any CPU = Release|Any CPU
		Release|iPhone = Release|iPhone
		Release|iPhoneSimulator = Release|iPhoneSimulator
	EndGlobalSection
	GlobalSection(ProjectConfigurationPlatforms) = postSolution
		{B1197270-FDF8-41A9-9372-65DAA8383999}.Ad-Hoc|Any CPU.ActiveCfg = Release|Any CPU
		{B1197270-FDF8-41A9-9372-65DAA8383999}.Ad-Hoc|Any CPU.Build.0 = Release|Any CPU
		{B1197270-FDF8-41A9-9372-65DAA8383999}.Ad-Hoc|Any CPU.Deploy.0 = Release|Any CPU
		{B1197270-FDF8-41A9-9372-65DAA8383999}.Ad-Hoc|iPhone.ActiveCfg = Release|Any CPU
		{B1197270-FDF8-41A9-9372-65DAA8383999}.Ad-Hoc|iPhone.Build.0 = Release|Any CPU
		{B1197270-FDF8-41A9-9372-65DAA8383999}.Ad-Hoc|iPhone.Deploy.0 = Release|Any CPU
		{B1197270-FDF8-41A9-9372-65DAA8383999}.Ad-Hoc|iPhoneSimulator.ActiveCfg = Release|Any CPU
		{B1197270-FDF8-41A9-9372-65DAA8383999}.Ad-Hoc|iPhoneSimulator.Build.0 = Release|Any CPU
		{B1197270-FDF8-41A9-9372-65DAA8383999}.Ad-Hoc|iPhoneSimulator.Deploy.0 = Release|Any CPU
		{B1197270-FDF8-41A9-9372-65DAA8383999}.AppStore|Any CPU.ActiveCfg = Release|Any CPU
		{B1197270-FDF8-41A9-9372-65DAA8383999}.AppStore|Any CPU.Build.0 = Release|Any CPU
		{B1197270-FDF8-41A9-9372-65DAA8383999}.AppStore|Any CPU.Deploy.0 = Release|Any CPU
		{B1197270-FDF8-41A9-9372-65DAA8383999}.AppStore|iPhone.ActiveCfg = Release|Any CPU
		{B1197270-FDF8-41A9-9372-65DAA8383999}.AppStore|iPhone.Build.0 = Release|Any CPU
		{B1197270-FDF8-41A9-9372-65DAA8383999}.AppStore|iPhone.Deploy.0 = Release|Any CPU
		{B1197270-FDF8-41A9-9372-65DAA8383999}.AppStore|iPhoneSimulator.ActiveCfg = Release|Any CPU
		{B1197270-FDF8-41A9-9372-65DAA8383999}.AppStore|iPhoneSimulator.Build.0 = Release|Any CPU
		{B1197270-FDF8-41A9-9372-65DAA8383999}.AppStore|iPhoneSimulator.Deploy.0 = Release|Any CPU
		{B1197270-FDF8-41A9-9372-65DAA8383999}.Debug|Any CPU.ActiveCfg = Debug|Any CPU
		{B1197270-FDF8-41A9-9372-65DAA8383999}.Debug|Any CPU.Build.0 = Debug|Any CPU
		{B1197270-FDF8-41A9-9372-65DAA8383999}.Debug|Any CPU.Deploy.0 = Debug|Any CPU
		{B1197270-FDF8-41A9-9372-65DAA8383999}.Debug|iPhone.ActiveCfg = Debug|Any CPU
		{B1197270-FDF8-41A9-9372-65DAA8383999}.Debug|iPhone.Build.0 = Debug|Any CPU
		{B1197270-FDF8-41A9-9372-65DAA8383999}.Debug|iPhone.Deploy.0 = Debug|Any CPU
		{B1197270-FDF8-41A9-9372-65DAA8383999}.Debug|iPhoneSimulator.ActiveCfg = Debug|Any CPU
		{B1197270-FDF8-41A9-9372-65DAA8383999}.Debug|iPhoneSimulator.Build.0 = Debug|Any CPU
		{B1197270-FDF8-41A9-9372-65DAA8383999}.Debug|iPhoneSimulator.Deploy.0 = Debug|Any CPU
		{B1197270-FDF8-41A9-9372-65DAA8383999}.Release|Any CPU.ActiveCfg = Release|Any CPU
		{B1197270-FDF8-41A9-9372-65DAA8383999}.Release|Any CPU.Build.0 = Release|Any CPU
		{B1197270-FDF8-41A9-9372-65DAA8383999}.Release|Any CPU.Deploy.0 = Release|Any CPU
		{B1197270-FDF8-41A9-9372-65DAA8383999}.Release|iPhone.ActiveCfg = Release|Any CPU
		{B1197270-FDF8-41A9-9372-65DAA8383999}.Release|iPhone.Build.0 = Release|Any CPU
		{B1197270-FDF8-41A9-9372-65DAA8383999}.Release|iPhone.Deploy.0 = Release|Any CPU
		{B1197270-FDF8-41A9-9372-65DAA8383999}.Release|iPhoneSimulator.ActiveCfg = Release|Any CPU
		{B1197270-FDF8-41A9-9372-65DAA8383999}.Release|iPhoneSimulator.Build.0 = Release|Any CPU
		{B1197270-FDF8-41A9-9372-65DAA8383999}.Release|iPhoneSimulator.Deploy.0 = Release|Any CPU
		{B85E5A6F-4F4E-44A6-B221-DCE97AF83031}.Ad-Hoc|Any CPU.ActiveCfg = Ad-Hoc|iPhone
		{B85E5A6F-4F4E-44A6-B221-DCE97AF83031}.Ad-Hoc|Any CPU.Build.0 = Ad-Hoc|iPhone
		{B85E5A6F-4F4E-44A6-B221-DCE97AF83031}.Ad-Hoc|Any CPU.Deploy.0 = Ad-Hoc|iPhone
		{B85E5A6F-4F4E-44A6-B221-DCE97AF83031}.Ad-Hoc|iPhone.ActiveCfg = Ad-Hoc|iPhone
		{B85E5A6F-4F4E-44A6-B221-DCE97AF83031}.Ad-Hoc|iPhone.Build.0 = Ad-Hoc|iPhone
		{B85E5A6F-4F4E-44A6-B221-DCE97AF83031}.Ad-Hoc|iPhone.Deploy.0 = Ad-Hoc|iPhone
		{B85E5A6F-4F4E-44A6-B221-DCE97AF83031}.Ad-Hoc|iPhoneSimulator.ActiveCfg = Ad-Hoc|iPhoneSimulator
		{B85E5A6F-4F4E-44A6-B221-DCE97AF83031}.Ad-Hoc|iPhoneSimulator.Build.0 = Ad-Hoc|iPhoneSimulator
		{B85E5A6F-4F4E-44A6-B221-DCE97AF83031}.Ad-Hoc|iPhoneSimulator.Deploy.0 = Ad-Hoc|iPhoneSimulator
		{B85E5A6F-4F4E-44A6-B221-DCE97AF83031}.AppStore|Any CPU.ActiveCfg = AppStore|iPhone
		{B85E5A6F-4F4E-44A6-B221-DCE97AF83031}.AppStore|Any CPU.Build.0 = AppStore|iPhone
		{B85E5A6F-4F4E-44A6-B221-DCE97AF83031}.AppStore|Any CPU.Deploy.0 = AppStore|iPhone
		{B85E5A6F-4F4E-44A6-B221-DCE97AF83031}.AppStore|iPhone.ActiveCfg = AppStore|iPhone
		{B85E5A6F-4F4E-44A6-B221-DCE97AF83031}.AppStore|iPhone.Build.0 = AppStore|iPhone
		{B85E5A6F-4F4E-44A6-B221-DCE97AF83031}.AppStore|iPhone.Deploy.0 = AppStore|iPhone
		{B85E5A6F-4F4E-44A6-B221-DCE97AF83031}.AppStore|iPhoneSimulator.ActiveCfg = AppStore|iPhoneSimulator
		{B85E5A6F-4F4E-44A6-B221-DCE97AF83031}.AppStore|iPhoneSimulator.Build.0 = AppStore|iPhoneSimulator
		{B85E5A6F-4F4E-44A6-B221-DCE97AF83031}.AppStore|iPhoneSimulator.Deploy.0 = AppStore|iPhoneSimulator
		{B85E5A6F-4F4E-44A6-B221-DCE97AF83031}.Debug|Any CPU.ActiveCfg = Debug|iPhoneSimulator
		{B85E5A6F-4F4E-44A6-B221-DCE97AF83031}.Debug|Any CPU.Build.0 = Debug|iPhoneSimulator
		{B85E5A6F-4F4E-44A6-B221-DCE97AF83031}.Debug|Any CPU.Deploy.0 = Debug|iPhoneSimulator
		{B85E5A6F-4F4E-44A6-B221-DCE97AF83031}.Debug|iPhone.ActiveCfg = Debug|iPhone
		{B85E5A6F-4F4E-44A6-B221-DCE97AF83031}.Debug|iPhone.Build.0 = Debug|iPhone
		{B85E5A6F-4F4E-44A6-B221-DCE97AF83031}.Debug|iPhone.Deploy.0 = Debug|iPhone
		{B85E5A6F-4F4E-44A6-B221-DCE97AF83031}.Debug|iPhoneSimulator.ActiveCfg = Debug|iPhoneSimulator
		{B85E5A6F-4F4E-44A6-B221-DCE97AF83031}.Debug|iPhoneSimulator.Build.0 = Debug|iPhoneSimulator
		{B85E5A6F-4F4E-44A6-B221-DCE97AF83031}.Debug|iPhoneSimulator.Deploy.0 = Debug|iPhoneSimulator
		{B85E5A6F-4F4E-44A6-B221-DCE97AF83031}.Release|Any CPU.ActiveCfg = Release|iPhone
		{B85E5A6F-4F4E-44A6-B221-DCE97AF83031}.Release|Any CPU.Build.0 = Release|iPhone
		{B85E5A6F-4F4E-44A6-B221-DCE97AF83031}.Release|Any CPU.Deploy.0 = Release|iPhone
		{B85E5A6F-4F4E-44A6-B221-DCE97AF83031}.Release|iPhone.ActiveCfg = Release|iPhone
		{B85E5A6F-4F4E-44A6-B221-DCE97AF83031}.Release|iPhone.Build.0 = Release|iPhone
		{B85E5A6F-4F4E-44A6-B221-DCE97AF83031}.Release|iPhone.Deploy.0 = Release|iPhone
		{B85E5A6F-4F4E-44A6-B221-DCE97AF83031}.Release|iPhoneSimulator.ActiveCfg = Release|iPhoneSimulator
		{B85E5A6F-4F4E-44A6-B221-DCE97AF83031}.Release|iPhoneSimulator.Build.0 = Release|iPhoneSimulator
		{B85E5A6F-4F4E-44A6-B221-DCE97AF83031}.Release|iPhoneSimulator.Deploy.0 = Release|iPhoneSimulator
		{B8DF41EE-FD1E-4D2D-BD2D-55ECD35DE436}.Ad-Hoc|Any CPU.ActiveCfg = Debug|Any CPU
		{B8DF41EE-FD1E-4D2D-BD2D-55ECD35DE436}.Ad-Hoc|Any CPU.Build.0 = Debug|Any CPU
		{B8DF41EE-FD1E-4D2D-BD2D-55ECD35DE436}.Ad-Hoc|Any CPU.Deploy.0 = Debug|Any CPU
		{B8DF41EE-FD1E-4D2D-BD2D-55ECD35DE436}.Ad-Hoc|iPhone.ActiveCfg = Debug|Any CPU
		{B8DF41EE-FD1E-4D2D-BD2D-55ECD35DE436}.Ad-Hoc|iPhone.Build.0 = Debug|Any CPU
		{B8DF41EE-FD1E-4D2D-BD2D-55ECD35DE436}.Ad-Hoc|iPhone.Deploy.0 = Debug|Any CPU
		{B8DF41EE-FD1E-4D2D-BD2D-55ECD35DE436}.Ad-Hoc|iPhoneSimulator.ActiveCfg = Debug|Any CPU
		{B8DF41EE-FD1E-4D2D-BD2D-55ECD35DE436}.Ad-Hoc|iPhoneSimulator.Build.0 = Debug|Any CPU
		{B8DF41EE-FD1E-4D2D-BD2D-55ECD35DE436}.Ad-Hoc|iPhoneSimulator.Deploy.0 = Debug|Any CPU
		{B8DF41EE-FD1E-4D2D-BD2D-55ECD35DE436}.AppStore|Any CPU.ActiveCfg = Debug|Any CPU
		{B8DF41EE-FD1E-4D2D-BD2D-55ECD35DE436}.AppStore|Any CPU.Build.0 = Debug|Any CPU
		{B8DF41EE-FD1E-4D2D-BD2D-55ECD35DE436}.AppStore|Any CPU.Deploy.0 = Debug|Any CPU
		{B8DF41EE-FD1E-4D2D-BD2D-55ECD35DE436}.AppStore|iPhone.ActiveCfg = Debug|Any CPU
		{B8DF41EE-FD1E-4D2D-BD2D-55ECD35DE436}.AppStore|iPhone.Build.0 = Debug|Any CPU
		{B8DF41EE-FD1E-4D2D-BD2D-55ECD35DE436}.AppStore|iPhone.Deploy.0 = Debug|Any CPU
		{B8DF41EE-FD1E-4D2D-BD2D-55ECD35DE436}.AppStore|iPhoneSimulator.ActiveCfg = Debug|Any CPU
		{B8DF41EE-FD1E-4D2D-BD2D-55ECD35DE436}.AppStore|iPhoneSimulator.Build.0 = Debug|Any CPU
		{B8DF41EE-FD1E-4D2D-BD2D-55ECD35DE436}.AppStore|iPhoneSimulator.Deploy.0 = Debug|Any CPU
		{B8DF41EE-FD1E-4D2D-BD2D-55ECD35DE436}.Debug|Any CPU.ActiveCfg = Debug|Any CPU
		{B8DF41EE-FD1E-4D2D-BD2D-55ECD35DE436}.Debug|Any CPU.Build.0 = Debug|Any CPU
		{B8DF41EE-FD1E-4D2D-BD2D-55ECD35DE436}.Debug|Any CPU.Deploy.0 = Debug|Any CPU
		{B8DF41EE-FD1E-4D2D-BD2D-55ECD35DE436}.Debug|iPhone.ActiveCfg = Debug|Any CPU
		{B8DF41EE-FD1E-4D2D-BD2D-55ECD35DE436}.Debug|iPhone.Build.0 = Debug|Any CPU
		{B8DF41EE-FD1E-4D2D-BD2D-55ECD35DE436}.Debug|iPhone.Deploy.0 = Debug|Any CPU
		{B8DF41EE-FD1E-4D2D-BD2D-55ECD35DE436}.Debug|iPhoneSimulator.ActiveCfg = Debug|Any CPU
		{B8DF41EE-FD1E-4D2D-BD2D-55ECD35DE436}.Debug|iPhoneSimulator.Build.0 = Debug|Any CPU
		{B8DF41EE-FD1E-4D2D-BD2D-55ECD35DE436}.Debug|iPhoneSimulator.Deploy.0 = Debug|Any CPU
		{B8DF41EE-FD1E-4D2D-BD2D-55ECD35DE436}.Release|Any CPU.ActiveCfg = Release|Any CPU
		{B8DF41EE-FD1E-4D2D-BD2D-55ECD35DE436}.Release|Any CPU.Build.0 = Release|Any CPU
		{B8DF41EE-FD1E-4D2D-BD2D-55ECD35DE436}.Release|Any CPU.Deploy.0 = Release|Any CPU
		{B8DF41EE-FD1E-4D2D-BD2D-55ECD35DE436}.Release|iPhone.ActiveCfg = Release|Any CPU
		{B8DF41EE-FD1E-4D2D-BD2D-55ECD35DE436}.Release|iPhone.Build.0 = Release|Any CPU
		{B8DF41EE-FD1E-4D2D-BD2D-55ECD35DE436}.Release|iPhone.Deploy.0 = Release|Any CPU
		{B8DF41EE-FD1E-4D2D-BD2D-55ECD35DE436}.Release|iPhoneSimulator.ActiveCfg = Release|Any CPU
		{B8DF41EE-FD1E-4D2D-BD2D-55ECD35DE436}.Release|iPhoneSimulator.Build.0 = Release|Any CPU
		{B8DF41EE-FD1E-4D2D-BD2D-55ECD35DE436}.Release|iPhoneSimulator.Deploy.0 = Release|Any CPU
	EndGlobalSection
	GlobalSection(SolutionProperties) = preSolution
		HideSolutionNode = FALSE
	EndGlobalSection
	GlobalSection(ExtensibilityGlobals) = postSolution
		SolutionGuid = {AC2862D7-57C1-4441-810C-FEB2CD625211}
	EndGlobalSection
EndGlobal
