
Microsoft Visual Studio Solution File, Format Version 12.00
# Visual Studio 15
VisualStudioVersion = 15.0.27703.1
MinimumVisualStudioVersion = 10.0.40219.1
Project("{FAE04EC0-301F-11D3-BF4B-00C04F79EFBC}") = "HelloDataBinding.Android", "HelloDataBinding\HelloDataBinding.Android\HelloDataBinding.Android.csproj", "{DDB2E4D9-DE87-4AC0-8D6E-83BDBC6F60AD}"
EndProject
Project("{FAE04EC0-301F-11D3-BF4B-00C04F79EFBC}") = "HelloDataBinding.iOS", "HelloDataBinding\HelloDataBinding.iOS\HelloDataBinding.iOS.csproj", "{1A72CBDD-9A38-4A78-B569-27F127F8278D}"
EndProject
Project("{FAE04EC0-301F-11D3-BF4B-00C04F79EFBC}") = "HelloDataBinding", "HelloDataBinding\HelloDataBinding\HelloDataBinding.csproj", "{B9E15D0C-8A00-4193-B098-BFC27C6A6254}"
EndProject
Global
	GlobalSection(SolutionConfigurationPlatforms) = preSolution
		Ad-Hoc|Any CPU = Ad-Hoc|Any CPU
		Ad-Hoc|iPhone = Ad-Hoc|iPhone
		Ad-Hoc|iPhoneSimulator = Ad-Hoc|iPhoneSimulator
		AppStore|Any CPU = AppStore|Any CPU
		AppStore|iPhone = AppStore|iPhone
		AppStore|iPhoneSimulator = AppStore|iPhoneSimulator
		Debug|Any CPU = Debug|Any CPU
		Debug|iPhone = Debug|iPhone
		Debug|iPhoneSimulator = Debug|iPhoneSimulator
		Release|Any CPU = Release|Any CPU
		Release|iPhone = Release|iPhone
		Release|iPhoneSimulator = Release|iPhoneSimulator
	EndGlobalSection
	GlobalSection(ProjectConfigurationPlatforms) = postSolution
		{DDB2E4D9-DE87-4AC0-8D6E-83BDBC6F60AD}.Ad-Hoc|Any CPU.ActiveCfg = Release|Any CPU
		{DDB2E4D9-DE87-4AC0-8D6E-83BDBC6F60AD}.Ad-Hoc|Any CPU.Build.0 = Release|Any CPU
		{DDB2E4D9-DE87-4AC0-8D6E-83BDBC6F60AD}.Ad-Hoc|Any CPU.Deploy.0 = Release|Any CPU
		{DDB2E4D9-DE87-4AC0-8D6E-83BDBC6F60AD}.Ad-Hoc|iPhone.ActiveCfg = Release|Any CPU
		{DDB2E4D9-DE87-4AC0-8D6E-83BDBC6F60AD}.Ad-Hoc|iPhone.Build.0 = Release|Any CPU
		{DDB2E4D9-DE87-4AC0-8D6E-83BDBC6F60AD}.Ad-Hoc|iPhone.Deploy.0 = Release|Any CPU
		{DDB2E4D9-DE87-4AC0-8D6E-83BDBC6F60AD}.Ad-Hoc|iPhoneSimulator.ActiveCfg = Release|Any CPU
		{DDB2E4D9-DE87-4AC0-8D6E-83BDBC6F60AD}.Ad-Hoc|iPhoneSimulator.Build.0 = Release|Any CPU
		{DDB2E4D9-DE87-4AC0-8D6E-83BDBC6F60AD}.Ad-Hoc|iPhoneSimulator.Deploy.0 = Release|Any CPU
		{DDB2E4D9-DE87-4AC0-8D6E-83BDBC6F60AD}.AppStore|Any CPU.ActiveCfg = Release|Any CPU
		{DDB2E4D9-DE87-4AC0-8D6E-83BDBC6F60AD}.AppStore|Any CPU.Build.0 = Release|Any CPU
		{DDB2E4D9-DE87-4AC0-8D6E-83BDBC6F60AD}.AppStore|Any CPU.Deploy.0 = Release|Any CPU
		{DDB2E4D9-DE87-4AC0-8D6E-83BDBC6F60AD}.AppStore|iPhone.ActiveCfg = Release|Any CPU
		{DDB2E4D9-DE87-4AC0-8D6E-83BDBC6F60AD}.AppStore|iPhone.Build.0 = Release|Any CPU
		{DDB2E4D9-DE87-4AC0-8D6E-83BDBC6F60AD}.AppStore|iPhone.Deploy.0 = Release|Any CPU
		{DDB2E4D9-DE87-4AC0-8D6E-83BDBC6F60AD}.AppStore|iPhoneSimulator.ActiveCfg = Release|Any CPU
		{DDB2E4D9-DE87-4AC0-8D6E-83BDBC6F60AD}.AppStore|iPhoneSimulator.Build.0 = Release|Any CPU
		{DDB2E4D9-DE87-4AC0-8D6E-83BDBC6F60AD}.AppStore|iPhoneSimulator.Deploy.0 = Release|Any CPU
		{DDB2E4D9-DE87-4AC0-8D6E-83BDBC6F60AD}.Debug|Any CPU.ActiveCfg = Debug|Any CPU
		{DDB2E4D9-DE87-4AC0-8D6E-83BDBC6F60AD}.Debug|Any CPU.Build.0 = Debug|Any CPU
		{DDB2E4D9-DE87-4AC0-8D6E-83BDBC6F60AD}.Debug|Any CPU.Deploy.0 = Debug|Any CPU
		{DDB2E4D9-DE87-4AC0-8D6E-83BDBC6F60AD}.Debug|iPhone.ActiveCfg = Debug|Any CPU
		{DDB2E4D9-DE87-4AC0-8D6E-83BDBC6F60AD}.Debug|iPhone.Build.0 = Debug|Any CPU
		{DDB2E4D9-DE87-4AC0-8D6E-83BDBC6F60AD}.Debug|iPhone.Deploy.0 = Debug|Any CPU
		{DDB2E4D9-DE87-4AC0-8D6E-83BDBC6F60AD}.Debug|iPhoneSimulator.ActiveCfg = Debug|Any CPU
		{DDB2E4D9-DE87-4AC0-8D6E-83BDBC6F60AD}.Debug|iPhoneSimulator.Build.0 = Debug|Any CPU
		{DDB2E4D9-DE87-4AC0-8D6E-83BDBC6F60AD}.Debug|iPhoneSimulator.Deploy.0 = Debug|Any CPU
		{DDB2E4D9-DE87-4AC0-8D6E-83BDBC6F60AD}.Release|Any CPU.ActiveCfg = Release|Any CPU
		{DDB2E4D9-DE87-4AC0-8D6E-83BDBC6F60AD}.Release|Any CPU.Build.0 = Release|Any CPU
		{DDB2E4D9-DE87-4AC0-8D6E-83BDBC6F60AD}.Release|Any CPU.Deploy.0 = Release|Any CPU
		{DDB2E4D9-DE87-4AC0-8D6E-83BDBC6F60AD}.Release|iPhone.ActiveCfg = Release|Any CPU
		{DDB2E4D9-DE87-4AC0-8D6E-83BDBC6F60AD}.Release|iPhone.Build.0 = Release|Any CPU
		{DDB2E4D9-DE87-4AC0-8D6E-83BDBC6F60AD}.Release|iPhone.Deploy.0 = Release|Any CPU
		{DDB2E4D9-DE87-4AC0-8D6E-83BDBC6F60AD}.Release|iPhoneSimulator.ActiveCfg = Release|Any CPU
		{DDB2E4D9-DE87-4AC0-8D6E-83BDBC6F60AD}.Release|iPhoneSimulator.Build.0 = Release|Any CPU
		{DDB2E4D9-DE87-4AC0-8D6E-83BDBC6F60AD}.Release|iPhoneSimulator.Deploy.0 = Release|Any CPU
		{1A72CBDD-9A38-4A78-B569-27F127F8278D}.Ad-Hoc|Any CPU.ActiveCfg = Ad-Hoc|iPhone
		{1A72CBDD-9A38-4A78-B569-27F127F8278D}.Ad-Hoc|Any CPU.Build.0 = Ad-Hoc|iPhone
		{1A72CBDD-9A38-4A78-B569-27F127F8278D}.Ad-Hoc|Any CPU.Deploy.0 = Ad-Hoc|iPhone
		{1A72CBDD-9A38-4A78-B569-27F127F8278D}.Ad-Hoc|iPhone.ActiveCfg = Ad-Hoc|iPhone
		{1A72CBDD-9A38-4A78-B569-27F127F8278D}.Ad-Hoc|iPhone.Build.0 = Ad-Hoc|iPhone
		{1A72CBDD-9A38-4A78-B569-27F127F8278D}.Ad-Hoc|iPhone.Deploy.0 = Ad-Hoc|iPhone
		{1A72CBDD-9A38-4A78-B569-27F127F8278D}.Ad-Hoc|iPhoneSimulator.ActiveCfg = Ad-Hoc|iPhoneSimulator
		{1A72CBDD-9A38-4A78-B569-27F127F8278D}.Ad-Hoc|iPhoneSimulator.Build.0 = Ad-Hoc|iPhoneSimulator
		{1A72CBDD-9A38-4A78-B569-27F127F8278D}.Ad-Hoc|iPhoneSimulator.Deploy.0 = Ad-Hoc|iPhoneSimulator
		{1A72CBDD-9A38-4A78-B569-27F127F8278D}.AppStore|Any CPU.ActiveCfg = AppStore|iPhone
		{1A72CBDD-9A38-4A78-B569-27F127F8278D}.AppStore|Any CPU.Build.0 = AppStore|iPhone
		{1A72CBDD-9A38-4A78-B569-27F127F8278D}.AppStore|Any CPU.Deploy.0 = AppStore|iPhone
		{1A72CBDD-9A38-4A78-B569-27F127F8278D}.AppStore|iPhone.ActiveCfg = AppStore|iPhone
		{1A72CBDD-9A38-4A78-B569-27F127F8278D}.AppStore|iPhone.Build.0 = AppStore|iPhone
		{1A72CBDD-9A38-4A78-B569-27F127F8278D}.AppStore|iPhone.Deploy.0 = AppStore|iPhone
		{1A72CBDD-9A38-4A78-B569-27F127F8278D}.AppStore|iPhoneSimulator.ActiveCfg = AppStore|iPhoneSimulator
		{1A72CBDD-9A38-4A78-B569-27F127F8278D}.AppStore|iPhoneSimulator.Build.0 = AppStore|iPhoneSimulator
		{1A72CBDD-9A38-4A78-B569-27F127F8278D}.AppStore|iPhoneSimulator.Deploy.0 = AppStore|iPhoneSimulator
		{1A72CBDD-9A38-4A78-B569-27F127F8278D}.Debug|Any CPU.ActiveCfg = Debug|iPhoneSimulator
		{1A72CBDD-9A38-4A78-B569-27F127F8278D}.Debug|Any CPU.Build.0 = Debug|iPhoneSimulator
		{1A72CBDD-9A38-4A78-B569-27F127F8278D}.Debug|Any CPU.Deploy.0 = Debug|iPhoneSimulator
		{1A72CBDD-9A38-4A78-B569-27F127F8278D}.Debug|iPhone.ActiveCfg = Debug|iPhone
		{1A72CBDD-9A38-4A78-B569-27F127F8278D}.Debug|iPhone.Build.0 = Debug|iPhone
		{1A72CBDD-9A38-4A78-B569-27F127F8278D}.Debug|iPhone.Deploy.0 = Debug|iPhone
		{1A72CBDD-9A38-4A78-B569-27F127F8278D}.Debug|iPhoneSimulator.ActiveCfg = Debug|iPhoneSimulator
		{1A72CBDD-9A38-4A78-B569-27F127F8278D}.Debug|iPhoneSimulator.Build.0 = Debug|iPhoneSimulator
		{1A72CBDD-9A38-4A78-B569-27F127F8278D}.Debug|iPhoneSimulator.Deploy.0 = Debug|iPhoneSimulator
		{1A72CBDD-9A38-4A78-B569-27F127F8278D}.Release|Any CPU.ActiveCfg = Release|iPhone
		{1A72CBDD-9A38-4A78-B569-27F127F8278D}.Release|Any CPU.Build.0 = Release|iPhone
		{1A72CBDD-9A38-4A78-B569-27F127F8278D}.Release|Any CPU.Deploy.0 = Release|iPhone
		{1A72CBDD-9A38-4A78-B569-27F127F8278D}.Release|iPhone.ActiveCfg = Release|iPhone
		{1A72CBDD-9A38-4A78-B569-27F127F8278D}.Release|iPhone.Build.0 = Release|iPhone
		{1A72CBDD-9A38-4A78-B569-27F127F8278D}.Release|iPhone.Deploy.0 = Release|iPhone
		{1A72CBDD-9A38-4A78-B569-27F127F8278D}.Release|iPhoneSimulator.ActiveCfg = Release|iPhoneSimulator
		{1A72CBDD-9A38-4A78-B569-27F127F8278D}.Release|iPhoneSimulator.Build.0 = Release|iPhoneSimulator
		{1A72CBDD-9A38-4A78-B569-27F127F8278D}.Release|iPhoneSimulator.Deploy.0 = Release|iPhoneSimulator
		{B9E15D0C-8A00-4193-B098-BFC27C6A6254}.Ad-Hoc|Any CPU.ActiveCfg = Debug|Any CPU
		{B9E15D0C-8A00-4193-B098-BFC27C6A6254}.Ad-Hoc|Any CPU.Build.0 = Debug|Any CPU
		{B9E15D0C-8A00-4193-B098-BFC27C6A6254}.Ad-Hoc|Any CPU.Deploy.0 = Debug|Any CPU
		{B9E15D0C-8A00-4193-B098-BFC27C6A6254}.Ad-Hoc|iPhone.ActiveCfg = Debug|Any CPU
		{B9E15D0C-8A00-4193-B098-BFC27C6A6254}.Ad-Hoc|iPhone.Build.0 = Debug|Any CPU
		{B9E15D0C-8A00-4193-B098-BFC27C6A6254}.Ad-Hoc|iPhone.Deploy.0 = Debug|Any CPU
		{B9E15D0C-8A00-4193-B098-BFC27C6A6254}.Ad-Hoc|iPhoneSimulator.ActiveCfg = Debug|Any CPU
		{B9E15D0C-8A00-4193-B098-BFC27C6A6254}.Ad-Hoc|iPhoneSimulator.Build.0 = Debug|Any CPU
		{B9E15D0C-8A00-4193-B098-BFC27C6A6254}.Ad-Hoc|iPhoneSimulator.Deploy.0 = Debug|Any CPU
		{B9E15D0C-8A00-4193-B098-BFC27C6A6254}.AppStore|Any CPU.ActiveCfg = Debug|Any CPU
		{B9E15D0C-8A00-4193-B098-BFC27C6A6254}.AppStore|Any CPU.Build.0 = Debug|Any CPU
		{B9E15D0C-8A00-4193-B098-BFC27C6A6254}.AppStore|Any CPU.Deploy.0 = Debug|Any CPU
		{B9E15D0C-8A00-4193-B098-BFC27C6A6254}.AppStore|iPhone.ActiveCfg = Debug|Any CPU
		{B9E15D0C-8A00-4193-B098-BFC27C6A6254}.AppStore|iPhone.Build.0 = Debug|Any CPU
		{B9E15D0C-8A00-4193-B098-BFC27C6A6254}.AppStore|iPhone.Deploy.0 = Debug|Any CPU
		{B9E15D0C-8A00-4193-B098-BFC27C6A6254}.AppStore|iPhoneSimulator.ActiveCfg = Debug|Any CPU
		{B9E15D0C-8A00-4193-B098-BFC27C6A6254}.AppStore|iPhoneSimulator.Build.0 = Debug|Any CPU
		{B9E15D0C-8A00-4193-B098-BFC27C6A6254}.AppStore|iPhoneSimulator.Deploy.0 = Debug|Any CPU
		{B9E15D0C-8A00-4193-B098-BFC27C6A6254}.Debug|Any CPU.ActiveCfg = Debug|Any CPU
		{B9E15D0C-8A00-4193-B098-BFC27C6A6254}.Debug|Any CPU.Build.0 = Debug|Any CPU
		{B9E15D0C-8A00-4193-B098-BFC27C6A6254}.Debug|Any CPU.Deploy.0 = Debug|Any CPU
		{B9E15D0C-8A00-4193-B098-BFC27C6A6254}.Debug|iPhone.ActiveCfg = Debug|Any CPU
		{B9E15D0C-8A00-4193-B098-BFC27C6A6254}.Debug|iPhone.Build.0 = Debug|Any CPU
		{B9E15D0C-8A00-4193-B098-BFC27C6A6254}.Debug|iPhone.Deploy.0 = Debug|Any CPU
		{B9E15D0C-8A00-4193-B098-BFC27C6A6254}.Debug|iPhoneSimulator.ActiveCfg = Debug|Any CPU
		{B9E15D0C-8A00-4193-B098-BFC27C6A6254}.Debug|iPhoneSimulator.Build.0 = Debug|Any CPU
		{B9E15D0C-8A00-4193-B098-BFC27C6A6254}.Debug|iPhoneSimulator.Deploy.0 = Debug|Any CPU
		{B9E15D0C-8A00-4193-B098-BFC27C6A6254}.Release|Any CPU.ActiveCfg = Release|Any CPU
		{B9E15D0C-8A00-4193-B098-BFC27C6A6254}.Release|Any CPU.Build.0 = Release|Any CPU
		{B9E15D0C-8A00-4193-B098-BFC27C6A6254}.Release|Any CPU.Deploy.0 = Release|Any CPU
		{B9E15D0C-8A00-4193-B098-BFC27C6A6254}.Release|iPhone.ActiveCfg = Release|Any CPU
		{B9E15D0C-8A00-4193-B098-BFC27C6A6254}.Release|iPhone.Build.0 = Release|Any CPU
		{B9E15D0C-8A00-4193-B098-BFC27C6A6254}.Release|iPhone.Deploy.0 = Release|Any CPU
		{B9E15D0C-8A00-4193-B098-BFC27C6A6254}.Release|iPhoneSimulator.ActiveCfg = Release|Any CPU
		{B9E15D0C-8A00-4193-B098-BFC27C6A6254}.Release|iPhoneSimulator.Build.0 = Release|Any CPU
		{B9E15D0C-8A00-4193-B098-BFC27C6A6254}.Release|iPhoneSimulator.Deploy.0 = Release|Any CPU
	EndGlobalSection
	GlobalSection(SolutionProperties) = preSolution
		HideSolutionNode = FALSE
	EndGlobalSection
	GlobalSection(ExtensibilityGlobals) = postSolution
		SolutionGuid = {ED326C20-C713-4094-8D2C-FBBD3978C8ED}
	EndGlobalSection
EndGlobal
