
Microsoft Visual Studio Solution File, Format Version 12.00
# Visual Studio 15
VisualStudioVersion = 15.0.27703.1
MinimumVisualStudioVersion = 10.0.40219.1
Project("{FAE04EC0-301F-11D3-BF4B-00C04F79EFBC}") = "HelloBindingCollections.Android", "HelloBindingCollections\HelloBindingCollections.Android\HelloBindingCollections.Android.csproj", "{6C85635A-2B1D-43EA-81E1-7ADF8489C041}"
EndProject
Project("{FAE04EC0-301F-11D3-BF4B-00C04F79EFBC}") = "HelloBindingCollections.iOS", "HelloBindingCollections\HelloBindingCollections.iOS\HelloBindingCollections.iOS.csproj", "{DCC384E0-BA72-4FC7-9A17-F9EF3504CCD6}"
EndProject
Project("{FAE04EC0-301F-11D3-BF4B-00C04F79EFBC}") = "HelloBindingCollections", "HelloBindingCollections\HelloBindingCollections\HelloBindingCollections.csproj", "{8952FD21-9EC5-40F8-A35A-AA36B2D72C01}"
EndProject
Global
	GlobalSection(SolutionConfigurationPlatforms) = preSolution
		Ad-Hoc|Any CPU = Ad-Hoc|Any CPU
		Ad-Hoc|iPhone = Ad-Hoc|iPhone
		Ad-Hoc|iPhoneSimulator = Ad-Hoc|iPhoneSimulator
		AppStore|Any CPU = AppStore|Any CPU
		AppStore|iPhone = AppStore|iPhone
		AppStore|iPhoneSimulator = AppStore|iPhoneSimulator
		Debug|Any CPU = Debug|Any CPU
		Debug|iPhone = Debug|iPhone
		Debug|iPhoneSimulator = Debug|iPhoneSimulator
		Release|Any CPU = Release|Any CPU
		Release|iPhone = Release|iPhone
		Release|iPhoneSimulator = Release|iPhoneSimulator
	EndGlobalSection
	GlobalSection(ProjectConfigurationPlatforms) = postSolution
		{6C85635A-2B1D-43EA-81E1-7ADF8489C041}.Ad-Hoc|Any CPU.ActiveCfg = Release|Any CPU
		{6C85635A-2B1D-43EA-81E1-7ADF8489C041}.Ad-Hoc|Any CPU.Build.0 = Release|Any CPU
		{6C85635A-2B1D-43EA-81E1-7ADF8489C041}.Ad-Hoc|Any CPU.Deploy.0 = Release|Any CPU
		{6C85635A-2B1D-43EA-81E1-7ADF8489C041}.Ad-Hoc|iPhone.ActiveCfg = Release|Any CPU
		{6C85635A-2B1D-43EA-81E1-7ADF8489C041}.Ad-Hoc|iPhone.Build.0 = Release|Any CPU
		{6C85635A-2B1D-43EA-81E1-7ADF8489C041}.Ad-Hoc|iPhone.Deploy.0 = Release|Any CPU
		{6C85635A-2B1D-43EA-81E1-7ADF8489C041}.Ad-Hoc|iPhoneSimulator.ActiveCfg = Release|Any CPU
		{6C85635A-2B1D-43EA-81E1-7ADF8489C041}.Ad-Hoc|iPhoneSimulator.Build.0 = Release|Any CPU
		{6C85635A-2B1D-43EA-81E1-7ADF8489C041}.Ad-Hoc|iPhoneSimulator.Deploy.0 = Release|Any CPU
		{6C85635A-2B1D-43EA-81E1-7ADF8489C041}.AppStore|Any CPU.ActiveCfg = Release|Any CPU
		{6C85635A-2B1D-43EA-81E1-7ADF8489C041}.AppStore|Any CPU.Build.0 = Release|Any CPU
		{6C85635A-2B1D-43EA-81E1-7ADF8489C041}.AppStore|Any CPU.Deploy.0 = Release|Any CPU
		{6C85635A-2B1D-43EA-81E1-7ADF8489C041}.AppStore|iPhone.ActiveCfg = Release|Any CPU
		{6C85635A-2B1D-43EA-81E1-7ADF8489C041}.AppStore|iPhone.Build.0 = Release|Any CPU
		{6C85635A-2B1D-43EA-81E1-7ADF8489C041}.AppStore|iPhone.Deploy.0 = Release|Any CPU
		{6C85635A-2B1D-43EA-81E1-7ADF8489C041}.AppStore|iPhoneSimulator.ActiveCfg = Release|Any CPU
		{6C85635A-2B1D-43EA-81E1-7ADF8489C041}.AppStore|iPhoneSimulator.Build.0 = Release|Any CPU
		{6C85635A-2B1D-43EA-81E1-7ADF8489C041}.AppStore|iPhoneSimulator.Deploy.0 = Release|Any CPU
		{6C85635A-2B1D-43EA-81E1-7ADF8489C041}.Debug|Any CPU.ActiveCfg = Debug|Any CPU
		{6C85635A-2B1D-43EA-81E1-7ADF8489C041}.Debug|Any CPU.Build.0 = Debug|Any CPU
		{6C85635A-2B1D-43EA-81E1-7ADF8489C041}.Debug|Any CPU.Deploy.0 = Debug|Any CPU
		{6C85635A-2B1D-43EA-81E1-7ADF8489C041}.Debug|iPhone.ActiveCfg = Debug|Any CPU
		{6C85635A-2B1D-43EA-81E1-7ADF8489C041}.Debug|iPhone.Build.0 = Debug|Any CPU
		{6C85635A-2B1D-43EA-81E1-7ADF8489C041}.Debug|iPhone.Deploy.0 = Debug|Any CPU
		{6C85635A-2B1D-43EA-81E1-7ADF8489C041}.Debug|iPhoneSimulator.ActiveCfg = Debug|Any CPU
		{6C85635A-2B1D-43EA-81E1-7ADF8489C041}.Debug|iPhoneSimulator.Build.0 = Debug|Any CPU
		{6C85635A-2B1D-43EA-81E1-7ADF8489C041}.Debug|iPhoneSimulator.Deploy.0 = Debug|Any CPU
		{6C85635A-2B1D-43EA-81E1-7ADF8489C041}.Release|Any CPU.ActiveCfg = Release|Any CPU
		{6C85635A-2B1D-43EA-81E1-7ADF8489C041}.Release|Any CPU.Build.0 = Release|Any CPU
		{6C85635A-2B1D-43EA-81E1-7ADF8489C041}.Release|Any CPU.Deploy.0 = Release|Any CPU
		{6C85635A-2B1D-43EA-81E1-7ADF8489C041}.Release|iPhone.ActiveCfg = Release|Any CPU
		{6C85635A-2B1D-43EA-81E1-7ADF8489C041}.Release|iPhone.Build.0 = Release|Any CPU
		{6C85635A-2B1D-43EA-81E1-7ADF8489C041}.Release|iPhone.Deploy.0 = Release|Any CPU
		{6C85635A-2B1D-43EA-81E1-7ADF8489C041}.Release|iPhoneSimulator.ActiveCfg = Release|Any CPU
		{6C85635A-2B1D-43EA-81E1-7ADF8489C041}.Release|iPhoneSimulator.Build.0 = Release|Any CPU
		{6C85635A-2B1D-43EA-81E1-7ADF8489C041}.Release|iPhoneSimulator.Deploy.0 = Release|Any CPU
		{DCC384E0-BA72-4FC7-9A17-F9EF3504CCD6}.Ad-Hoc|Any CPU.ActiveCfg = Ad-Hoc|iPhone
		{DCC384E0-BA72-4FC7-9A17-F9EF3504CCD6}.Ad-Hoc|Any CPU.Build.0 = Ad-Hoc|iPhone
		{DCC384E0-BA72-4FC7-9A17-F9EF3504CCD6}.Ad-Hoc|Any CPU.Deploy.0 = Ad-Hoc|iPhone
		{DCC384E0-BA72-4FC7-9A17-F9EF3504CCD6}.Ad-Hoc|iPhone.ActiveCfg = Ad-Hoc|iPhone
		{DCC384E0-BA72-4FC7-9A17-F9EF3504CCD6}.Ad-Hoc|iPhone.Build.0 = Ad-Hoc|iPhone
		{DCC384E0-BA72-4FC7-9A17-F9EF3504CCD6}.Ad-Hoc|iPhone.Deploy.0 = Ad-Hoc|iPhone
		{DCC384E0-BA72-4FC7-9A17-F9EF3504CCD6}.Ad-Hoc|iPhoneSimulator.ActiveCfg = Ad-Hoc|iPhoneSimulator
		{DCC384E0-BA72-4FC7-9A17-F9EF3504CCD6}.Ad-Hoc|iPhoneSimulator.Build.0 = Ad-Hoc|iPhoneSimulator
		{DCC384E0-BA72-4FC7-9A17-F9EF3504CCD6}.Ad-Hoc|iPhoneSimulator.Deploy.0 = Ad-Hoc|iPhoneSimulator
		{DCC384E0-BA72-4FC7-9A17-F9EF3504CCD6}.AppStore|Any CPU.ActiveCfg = AppStore|iPhone
		{DCC384E0-BA72-4FC7-9A17-F9EF3504CCD6}.AppStore|Any CPU.Build.0 = AppStore|iPhone
		{DCC384E0-BA72-4FC7-9A17-F9EF3504CCD6}.AppStore|Any CPU.Deploy.0 = AppStore|iPhone
		{DCC384E0-BA72-4FC7-9A17-F9EF3504CCD6}.AppStore|iPhone.ActiveCfg = AppStore|iPhone
		{DCC384E0-BA72-4FC7-9A17-F9EF3504CCD6}.AppStore|iPhone.Build.0 = AppStore|iPhone
		{DCC384E0-BA72-4FC7-9A17-F9EF3504CCD6}.AppStore|iPhone.Deploy.0 = AppStore|iPhone
		{DCC384E0-BA72-4FC7-9A17-F9EF3504CCD6}.AppStore|iPhoneSimulator.ActiveCfg = AppStore|iPhoneSimulator
		{DCC384E0-BA72-4FC7-9A17-F9EF3504CCD6}.AppStore|iPhoneSimulator.Build.0 = AppStore|iPhoneSimulator
		{DCC384E0-BA72-4FC7-9A17-F9EF3504CCD6}.AppStore|iPhoneSimulator.Deploy.0 = AppStore|iPhoneSimulator
		{DCC384E0-BA72-4FC7-9A17-F9EF3504CCD6}.Debug|Any CPU.ActiveCfg = Debug|iPhoneSimulator
		{DCC384E0-BA72-4FC7-9A17-F9EF3504CCD6}.Debug|Any CPU.Build.0 = Debug|iPhoneSimulator
		{DCC384E0-BA72-4FC7-9A17-F9EF3504CCD6}.Debug|Any CPU.Deploy.0 = Debug|iPhoneSimulator
		{DCC384E0-BA72-4FC7-9A17-F9EF3504CCD6}.Debug|iPhone.ActiveCfg = Debug|iPhone
		{DCC384E0-BA72-4FC7-9A17-F9EF3504CCD6}.Debug|iPhone.Build.0 = Debug|iPhone
		{DCC384E0-BA72-4FC7-9A17-F9EF3504CCD6}.Debug|iPhone.Deploy.0 = Debug|iPhone
		{DCC384E0-BA72-4FC7-9A17-F9EF3504CCD6}.Debug|iPhoneSimulator.ActiveCfg = Debug|iPhoneSimulator
		{DCC384E0-BA72-4FC7-9A17-F9EF3504CCD6}.Debug|iPhoneSimulator.Build.0 = Debug|iPhoneSimulator
		{DCC384E0-BA72-4FC7-9A17-F9EF3504CCD6}.Debug|iPhoneSimulator.Deploy.0 = Debug|iPhoneSimulator
		{DCC384E0-BA72-4FC7-9A17-F9EF3504CCD6}.Release|Any CPU.ActiveCfg = Release|iPhone
		{DCC384E0-BA72-4FC7-9A17-F9EF3504CCD6}.Release|Any CPU.Build.0 = Release|iPhone
		{DCC384E0-BA72-4FC7-9A17-F9EF3504CCD6}.Release|Any CPU.Deploy.0 = Release|iPhone
		{DCC384E0-BA72-4FC7-9A17-F9EF3504CCD6}.Release|iPhone.ActiveCfg = Release|iPhone
		{DCC384E0-BA72-4FC7-9A17-F9EF3504CCD6}.Release|iPhone.Build.0 = Release|iPhone
		{DCC384E0-BA72-4FC7-9A17-F9EF3504CCD6}.Release|iPhone.Deploy.0 = Release|iPhone
		{DCC384E0-BA72-4FC7-9A17-F9EF3504CCD6}.Release|iPhoneSimulator.ActiveCfg = Release|iPhoneSimulator
		{DCC384E0-BA72-4FC7-9A17-F9EF3504CCD6}.Release|iPhoneSimulator.Build.0 = Release|iPhoneSimulator
		{DCC384E0-BA72-4FC7-9A17-F9EF3504CCD6}.Release|iPhoneSimulator.Deploy.0 = Release|iPhoneSimulator
		{8952FD21-9EC5-40F8-A35A-AA36B2D72C01}.Ad-Hoc|Any CPU.ActiveCfg = Debug|Any CPU
		{8952FD21-9EC5-40F8-A35A-AA36B2D72C01}.Ad-Hoc|Any CPU.Build.0 = Debug|Any CPU
		{8952FD21-9EC5-40F8-A35A-AA36B2D72C01}.Ad-Hoc|Any CPU.Deploy.0 = Debug|Any CPU
		{8952FD21-9EC5-40F8-A35A-AA36B2D72C01}.Ad-Hoc|iPhone.ActiveCfg = Debug|Any CPU
		{8952FD21-9EC5-40F8-A35A-AA36B2D72C01}.Ad-Hoc|iPhone.Build.0 = Debug|Any CPU
		{8952FD21-9EC5-40F8-A35A-AA36B2D72C01}.Ad-Hoc|iPhone.Deploy.0 = Debug|Any CPU
		{8952FD21-9EC5-40F8-A35A-AA36B2D72C01}.Ad-Hoc|iPhoneSimulator.ActiveCfg = Debug|Any CPU
		{8952FD21-9EC5-40F8-A35A-AA36B2D72C01}.Ad-Hoc|iPhoneSimulator.Build.0 = Debug|Any CPU
		{8952FD21-9EC5-40F8-A35A-AA36B2D72C01}.Ad-Hoc|iPhoneSimulator.Deploy.0 = Debug|Any CPU
		{8952FD21-9EC5-40F8-A35A-AA36B2D72C01}.AppStore|Any CPU.ActiveCfg = Debug|Any CPU
		{8952FD21-9EC5-40F8-A35A-AA36B2D72C01}.AppStore|Any CPU.Build.0 = Debug|Any CPU
		{8952FD21-9EC5-40F8-A35A-AA36B2D72C01}.AppStore|Any CPU.Deploy.0 = Debug|Any CPU
		{8952FD21-9EC5-40F8-A35A-AA36B2D72C01}.AppStore|iPhone.ActiveCfg = Debug|Any CPU
		{8952FD21-9EC5-40F8-A35A-AA36B2D72C01}.AppStore|iPhone.Build.0 = Debug|Any CPU
		{8952FD21-9EC5-40F8-A35A-AA36B2D72C01}.AppStore|iPhone.Deploy.0 = Debug|Any CPU
		{8952FD21-9EC5-40F8-A35A-AA36B2D72C01}.AppStore|iPhoneSimulator.ActiveCfg = Debug|Any CPU
		{8952FD21-9EC5-40F8-A35A-AA36B2D72C01}.AppStore|iPhoneSimulator.Build.0 = Debug|Any CPU
		{8952FD21-9EC5-40F8-A35A-AA36B2D72C01}.AppStore|iPhoneSimulator.Deploy.0 = Debug|Any CPU
		{8952FD21-9EC5-40F8-A35A-AA36B2D72C01}.Debug|Any CPU.ActiveCfg = Debug|Any CPU
		{8952FD21-9EC5-40F8-A35A-AA36B2D72C01}.Debug|Any CPU.Build.0 = Debug|Any CPU
		{8952FD21-9EC5-40F8-A35A-AA36B2D72C01}.Debug|Any CPU.Deploy.0 = Debug|Any CPU
		{8952FD21-9EC5-40F8-A35A-AA36B2D72C01}.Debug|iPhone.ActiveCfg = Debug|Any CPU
		{8952FD21-9EC5-40F8-A35A-AA36B2D72C01}.Debug|iPhone.Build.0 = Debug|Any CPU
		{8952FD21-9EC5-40F8-A35A-AA36B2D72C01}.Debug|iPhone.Deploy.0 = Debug|Any CPU
		{8952FD21-9EC5-40F8-A35A-AA36B2D72C01}.Debug|iPhoneSimulator.ActiveCfg = Debug|Any CPU
		{8952FD21-9EC5-40F8-A35A-AA36B2D72C01}.Debug|iPhoneSimulator.Build.0 = Debug|Any CPU
		{8952FD21-9EC5-40F8-A35A-AA36B2D72C01}.Debug|iPhoneSimulator.Deploy.0 = Debug|Any CPU
		{8952FD21-9EC5-40F8-A35A-AA36B2D72C01}.Release|Any CPU.ActiveCfg = Release|Any CPU
		{8952FD21-9EC5-40F8-A35A-AA36B2D72C01}.Release|Any CPU.Build.0 = Release|Any CPU
		{8952FD21-9EC5-40F8-A35A-AA36B2D72C01}.Release|Any CPU.Deploy.0 = Release|Any CPU
		{8952FD21-9EC5-40F8-A35A-AA36B2D72C01}.Release|iPhone.ActiveCfg = Release|Any CPU
		{8952FD21-9EC5-40F8-A35A-AA36B2D72C01}.Release|iPhone.Build.0 = Release|Any CPU
		{8952FD21-9EC5-40F8-A35A-AA36B2D72C01}.Release|iPhone.Deploy.0 = Release|Any CPU
		{8952FD21-9EC5-40F8-A35A-AA36B2D72C01}.Release|iPhoneSimulator.ActiveCfg = Release|Any CPU
		{8952FD21-9EC5-40F8-A35A-AA36B2D72C01}.Release|iPhoneSimulator.Build.0 = Release|Any CPU
		{8952FD21-9EC5-40F8-A35A-AA36B2D72C01}.Release|iPhoneSimulator.Deploy.0 = Release|Any CPU
	EndGlobalSection
	GlobalSection(SolutionProperties) = preSolution
		HideSolutionNode = FALSE
	EndGlobalSection
	GlobalSection(ExtensibilityGlobals) = postSolution
		SolutionGuid = {83A52999-3045-4AE4-9EE0-83C22526B43A}
	EndGlobalSection
EndGlobal
