
Microsoft Visual Studio Solution File, Format Version 12.00
# Visual Studio 15
VisualStudioVersion = 15.0.27703.1
MinimumVisualStudioVersion = 10.0.40219.1
Project("{FAE04EC0-301F-11D3-BF4B-00C04F79EFBC}") = "HelloViewToView.Android", "HelloViewToView\HelloViewToView.Android\HelloViewToView.Android.csproj", "{A4F161F0-7443-4865-8B1A-3A6418B035E5}"
EndProject
Project("{FAE04EC0-301F-11D3-BF4B-00C04F79EFBC}") = "HelloViewToView.iOS", "HelloViewToView\HelloViewToView.iOS\HelloViewToView.iOS.csproj", "{F156806D-28E2-4B19-91B1-45560EB417D8}"
EndProject
Project("{FAE04EC0-301F-11D3-BF4B-00C04F79EFBC}") = "HelloViewToView", "HelloViewToView\HelloViewToView\HelloViewToView.csproj", "{E9408F6C-CDFE-477A-AAF8-9728F3BACFC6}"
EndProject
Global
	GlobalSection(SolutionConfigurationPlatforms) = preSolution
		Ad-Hoc|Any CPU = Ad-Hoc|Any CPU
		Ad-Hoc|iPhone = Ad-Hoc|iPhone
		Ad-Hoc|iPhoneSimulator = Ad-Hoc|iPhoneSimulator
		AppStore|Any CPU = AppStore|Any CPU
		AppStore|iPhone = AppStore|iPhone
		AppStore|iPhoneSimulator = AppStore|iPhoneSimulator
		Debug|Any CPU = Debug|Any CPU
		Debug|iPhone = Debug|iPhone
		Debug|iPhoneSimulator = Debug|iPhoneSimulator
		Release|Any CPU = Release|Any CPU
		Release|iPhone = Release|iPhone
		Release|iPhoneSimulator = Release|iPhoneSimulator
	EndGlobalSection
	GlobalSection(ProjectConfigurationPlatforms) = postSolution
		{A4F161F0-7443-4865-8B1A-3A6418B035E5}.Ad-Hoc|Any CPU.ActiveCfg = Release|Any CPU
		{A4F161F0-7443-4865-8B1A-3A6418B035E5}.Ad-Hoc|Any CPU.Build.0 = Release|Any CPU
		{A4F161F0-7443-4865-8B1A-3A6418B035E5}.Ad-Hoc|Any CPU.Deploy.0 = Release|Any CPU
		{A4F161F0-7443-4865-8B1A-3A6418B035E5}.Ad-Hoc|iPhone.ActiveCfg = Release|Any CPU
		{A4F161F0-7443-4865-8B1A-3A6418B035E5}.Ad-Hoc|iPhone.Build.0 = Release|Any CPU
		{A4F161F0-7443-4865-8B1A-3A6418B035E5}.Ad-Hoc|iPhone.Deploy.0 = Release|Any CPU
		{A4F161F0-7443-4865-8B1A-3A6418B035E5}.Ad-Hoc|iPhoneSimulator.ActiveCfg = Release|Any CPU
		{A4F161F0-7443-4865-8B1A-3A6418B035E5}.Ad-Hoc|iPhoneSimulator.Build.0 = Release|Any CPU
		{A4F161F0-7443-4865-8B1A-3A6418B035E5}.Ad-Hoc|iPhoneSimulator.Deploy.0 = Release|Any CPU
		{A4F161F0-7443-4865-8B1A-3A6418B035E5}.AppStore|Any CPU.ActiveCfg = Release|Any CPU
		{A4F161F0-7443-4865-8B1A-3A6418B035E5}.AppStore|Any CPU.Build.0 = Release|Any CPU
		{A4F161F0-7443-4865-8B1A-3A6418B035E5}.AppStore|Any CPU.Deploy.0 = Release|Any CPU
		{A4F161F0-7443-4865-8B1A-3A6418B035E5}.AppStore|iPhone.ActiveCfg = Release|Any CPU
		{A4F161F0-7443-4865-8B1A-3A6418B035E5}.AppStore|iPhone.Build.0 = Release|Any CPU
		{A4F161F0-7443-4865-8B1A-3A6418B035E5}.AppStore|iPhone.Deploy.0 = Release|Any CPU
		{A4F161F0-7443-4865-8B1A-3A6418B035E5}.AppStore|iPhoneSimulator.ActiveCfg = Release|Any CPU
		{A4F161F0-7443-4865-8B1A-3A6418B035E5}.AppStore|iPhoneSimulator.Build.0 = Release|Any CPU
		{A4F161F0-7443-4865-8B1A-3A6418B035E5}.AppStore|iPhoneSimulator.Deploy.0 = Release|Any CPU
		{A4F161F0-7443-4865-8B1A-3A6418B035E5}.Debug|Any CPU.ActiveCfg = Debug|Any CPU
		{A4F161F0-7443-4865-8B1A-3A6418B035E5}.Debug|Any CPU.Build.0 = Debug|Any CPU
		{A4F161F0-7443-4865-8B1A-3A6418B035E5}.Debug|Any CPU.Deploy.0 = Debug|Any CPU
		{A4F161F0-7443-4865-8B1A-3A6418B035E5}.Debug|iPhone.ActiveCfg = Debug|Any CPU
		{A4F161F0-7443-4865-8B1A-3A6418B035E5}.Debug|iPhone.Build.0 = Debug|Any CPU
		{A4F161F0-7443-4865-8B1A-3A6418B035E5}.Debug|iPhone.Deploy.0 = Debug|Any CPU
		{A4F161F0-7443-4865-8B1A-3A6418B035E5}.Debug|iPhoneSimulator.ActiveCfg = Debug|Any CPU
		{A4F161F0-7443-4865-8B1A-3A6418B035E5}.Debug|iPhoneSimulator.Build.0 = Debug|Any CPU
		{A4F161F0-7443-4865-8B1A-3A6418B035E5}.Debug|iPhoneSimulator.Deploy.0 = Debug|Any CPU
		{A4F161F0-7443-4865-8B1A-3A6418B035E5}.Release|Any CPU.ActiveCfg = Release|Any CPU
		{A4F161F0-7443-4865-8B1A-3A6418B035E5}.Release|Any CPU.Build.0 = Release|Any CPU
		{A4F161F0-7443-4865-8B1A-3A6418B035E5}.Release|Any CPU.Deploy.0 = Release|Any CPU
		{A4F161F0-7443-4865-8B1A-3A6418B035E5}.Release|iPhone.ActiveCfg = Release|Any CPU
		{A4F161F0-7443-4865-8B1A-3A6418B035E5}.Release|iPhone.Build.0 = Release|Any CPU
		{A4F161F0-7443-4865-8B1A-3A6418B035E5}.Release|iPhone.Deploy.0 = Release|Any CPU
		{A4F161F0-7443-4865-8B1A-3A6418B035E5}.Release|iPhoneSimulator.ActiveCfg = Release|Any CPU
		{A4F161F0-7443-4865-8B1A-3A6418B035E5}.Release|iPhoneSimulator.Build.0 = Release|Any CPU
		{A4F161F0-7443-4865-8B1A-3A6418B035E5}.Release|iPhoneSimulator.Deploy.0 = Release|Any CPU
		{F156806D-28E2-4B19-91B1-45560EB417D8}.Ad-Hoc|Any CPU.ActiveCfg = Ad-Hoc|iPhone
		{F156806D-28E2-4B19-91B1-45560EB417D8}.Ad-Hoc|Any CPU.Build.0 = Ad-Hoc|iPhone
		{F156806D-28E2-4B19-91B1-45560EB417D8}.Ad-Hoc|Any CPU.Deploy.0 = Ad-Hoc|iPhone
		{F156806D-28E2-4B19-91B1-45560EB417D8}.Ad-Hoc|iPhone.ActiveCfg = Ad-Hoc|iPhone
		{F156806D-28E2-4B19-91B1-45560EB417D8}.Ad-Hoc|iPhone.Build.0 = Ad-Hoc|iPhone
		{F156806D-28E2-4B19-91B1-45560EB417D8}.Ad-Hoc|iPhone.Deploy.0 = Ad-Hoc|iPhone
		{F156806D-28E2-4B19-91B1-45560EB417D8}.Ad-Hoc|iPhoneSimulator.ActiveCfg = Ad-Hoc|iPhoneSimulator
		{F156806D-28E2-4B19-91B1-45560EB417D8}.Ad-Hoc|iPhoneSimulator.Build.0 = Ad-Hoc|iPhoneSimulator
		{F156806D-28E2-4B19-91B1-45560EB417D8}.Ad-Hoc|iPhoneSimulator.Deploy.0 = Ad-Hoc|iPhoneSimulator
		{F156806D-28E2-4B19-91B1-45560EB417D8}.AppStore|Any CPU.ActiveCfg = AppStore|iPhone
		{F156806D-28E2-4B19-91B1-45560EB417D8}.AppStore|Any CPU.Build.0 = AppStore|iPhone
		{F156806D-28E2-4B19-91B1-45560EB417D8}.AppStore|Any CPU.Deploy.0 = AppStore|iPhone
		{F156806D-28E2-4B19-91B1-45560EB417D8}.AppStore|iPhone.ActiveCfg = AppStore|iPhone
		{F156806D-28E2-4B19-91B1-45560EB417D8}.AppStore|iPhone.Build.0 = AppStore|iPhone
		{F156806D-28E2-4B19-91B1-45560EB417D8}.AppStore|iPhone.Deploy.0 = AppStore|iPhone
		{F156806D-28E2-4B19-91B1-45560EB417D8}.AppStore|iPhoneSimulator.ActiveCfg = AppStore|iPhoneSimulator
		{F156806D-28E2-4B19-91B1-45560EB417D8}.AppStore|iPhoneSimulator.Build.0 = AppStore|iPhoneSimulator
		{F156806D-28E2-4B19-91B1-45560EB417D8}.AppStore|iPhoneSimulator.Deploy.0 = AppStore|iPhoneSimulator
		{F156806D-28E2-4B19-91B1-45560EB417D8}.Debug|Any CPU.ActiveCfg = Debug|iPhoneSimulator
		{F156806D-28E2-4B19-91B1-45560EB417D8}.Debug|Any CPU.Build.0 = Debug|iPhoneSimulator
		{F156806D-28E2-4B19-91B1-45560EB417D8}.Debug|Any CPU.Deploy.0 = Debug|iPhoneSimulator
		{F156806D-28E2-4B19-91B1-45560EB417D8}.Debug|iPhone.ActiveCfg = Debug|iPhone
		{F156806D-28E2-4B19-91B1-45560EB417D8}.Debug|iPhone.Build.0 = Debug|iPhone
		{F156806D-28E2-4B19-91B1-45560EB417D8}.Debug|iPhone.Deploy.0 = Debug|iPhone
		{F156806D-28E2-4B19-91B1-45560EB417D8}.Debug|iPhoneSimulator.ActiveCfg = Debug|iPhoneSimulator
		{F156806D-28E2-4B19-91B1-45560EB417D8}.Debug|iPhoneSimulator.Build.0 = Debug|iPhoneSimulator
		{F156806D-28E2-4B19-91B1-45560EB417D8}.Debug|iPhoneSimulator.Deploy.0 = Debug|iPhoneSimulator
		{F156806D-28E2-4B19-91B1-45560EB417D8}.Release|Any CPU.ActiveCfg = Release|iPhone
		{F156806D-28E2-4B19-91B1-45560EB417D8}.Release|Any CPU.Build.0 = Release|iPhone
		{F156806D-28E2-4B19-91B1-45560EB417D8}.Release|Any CPU.Deploy.0 = Release|iPhone
		{F156806D-28E2-4B19-91B1-45560EB417D8}.Release|iPhone.ActiveCfg = Release|iPhone
		{F156806D-28E2-4B19-91B1-45560EB417D8}.Release|iPhone.Build.0 = Release|iPhone
		{F156806D-28E2-4B19-91B1-45560EB417D8}.Release|iPhone.Deploy.0 = Release|iPhone
		{F156806D-28E2-4B19-91B1-45560EB417D8}.Release|iPhoneSimulator.ActiveCfg = Release|iPhoneSimulator
		{F156806D-28E2-4B19-91B1-45560EB417D8}.Release|iPhoneSimulator.Build.0 = Release|iPhoneSimulator
		{F156806D-28E2-4B19-91B1-45560EB417D8}.Release|iPhoneSimulator.Deploy.0 = Release|iPhoneSimulator
		{E9408F6C-CDFE-477A-AAF8-9728F3BACFC6}.Ad-Hoc|Any CPU.ActiveCfg = Debug|Any CPU
		{E9408F6C-CDFE-477A-AAF8-9728F3BACFC6}.Ad-Hoc|Any CPU.Build.0 = Debug|Any CPU
		{E9408F6C-CDFE-477A-AAF8-9728F3BACFC6}.Ad-Hoc|Any CPU.Deploy.0 = Debug|Any CPU
		{E9408F6C-CDFE-477A-AAF8-9728F3BACFC6}.Ad-Hoc|iPhone.ActiveCfg = Debug|Any CPU
		{E9408F6C-CDFE-477A-AAF8-9728F3BACFC6}.Ad-Hoc|iPhone.Build.0 = Debug|Any CPU
		{E9408F6C-CDFE-477A-AAF8-9728F3BACFC6}.Ad-Hoc|iPhone.Deploy.0 = Debug|Any CPU
		{E9408F6C-CDFE-477A-AAF8-9728F3BACFC6}.Ad-Hoc|iPhoneSimulator.ActiveCfg = Debug|Any CPU
		{E9408F6C-CDFE-477A-AAF8-9728F3BACFC6}.Ad-Hoc|iPhoneSimulator.Build.0 = Debug|Any CPU
		{E9408F6C-CDFE-477A-AAF8-9728F3BACFC6}.Ad-Hoc|iPhoneSimulator.Deploy.0 = Debug|Any CPU
		{E9408F6C-CDFE-477A-AAF8-9728F3BACFC6}.AppStore|Any CPU.ActiveCfg = Debug|Any CPU
		{E9408F6C-CDFE-477A-AAF8-9728F3BACFC6}.AppStore|Any CPU.Build.0 = Debug|Any CPU
		{E9408F6C-CDFE-477A-AAF8-9728F3BACFC6}.AppStore|Any CPU.Deploy.0 = Debug|Any CPU
		{E9408F6C-CDFE-477A-AAF8-9728F3BACFC6}.AppStore|iPhone.ActiveCfg = Debug|Any CPU
		{E9408F6C-CDFE-477A-AAF8-9728F3BACFC6}.AppStore|iPhone.Build.0 = Debug|Any CPU
		{E9408F6C-CDFE-477A-AAF8-9728F3BACFC6}.AppStore|iPhone.Deploy.0 = Debug|Any CPU
		{E9408F6C-CDFE-477A-AAF8-9728F3BACFC6}.AppStore|iPhoneSimulator.ActiveCfg = Debug|Any CPU
		{E9408F6C-CDFE-477A-AAF8-9728F3BACFC6}.AppStore|iPhoneSimulator.Build.0 = Debug|Any CPU
		{E9408F6C-CDFE-477A-AAF8-9728F3BACFC6}.AppStore|iPhoneSimulator.Deploy.0 = Debug|Any CPU
		{E9408F6C-CDFE-477A-AAF8-9728F3BACFC6}.Debug|Any CPU.ActiveCfg = Debug|Any CPU
		{E9408F6C-CDFE-477A-AAF8-9728F3BACFC6}.Debug|Any CPU.Build.0 = Debug|Any CPU
		{E9408F6C-CDFE-477A-AAF8-9728F3BACFC6}.Debug|Any CPU.Deploy.0 = Debug|Any CPU
		{E9408F6C-CDFE-477A-AAF8-9728F3BACFC6}.Debug|iPhone.ActiveCfg = Debug|Any CPU
		{E9408F6C-CDFE-477A-AAF8-9728F3BACFC6}.Debug|iPhone.Build.0 = Debug|Any CPU
		{E9408F6C-CDFE-477A-AAF8-9728F3BACFC6}.Debug|iPhone.Deploy.0 = Debug|Any CPU
		{E9408F6C-CDFE-477A-AAF8-9728F3BACFC6}.Debug|iPhoneSimulator.ActiveCfg = Debug|Any CPU
		{E9408F6C-CDFE-477A-AAF8-9728F3BACFC6}.Debug|iPhoneSimulator.Build.0 = Debug|Any CPU
		{E9408F6C-CDFE-477A-AAF8-9728F3BACFC6}.Debug|iPhoneSimulator.Deploy.0 = Debug|Any CPU
		{E9408F6C-CDFE-477A-AAF8-9728F3BACFC6}.Release|Any CPU.ActiveCfg = Release|Any CPU
		{E9408F6C-CDFE-477A-AAF8-9728F3BACFC6}.Release|Any CPU.Build.0 = Release|Any CPU
		{E9408F6C-CDFE-477A-AAF8-9728F3BACFC6}.Release|Any CPU.Deploy.0 = Release|Any CPU
		{E9408F6C-CDFE-477A-AAF8-9728F3BACFC6}.Release|iPhone.ActiveCfg = Release|Any CPU
		{E9408F6C-CDFE-477A-AAF8-9728F3BACFC6}.Release|iPhone.Build.0 = Release|Any CPU
		{E9408F6C-CDFE-477A-AAF8-9728F3BACFC6}.Release|iPhone.Deploy.0 = Release|Any CPU
		{E9408F6C-CDFE-477A-AAF8-9728F3BACFC6}.Release|iPhoneSimulator.ActiveCfg = Release|Any CPU
		{E9408F6C-CDFE-477A-AAF8-9728F3BACFC6}.Release|iPhoneSimulator.Build.0 = Release|Any CPU
		{E9408F6C-CDFE-477A-AAF8-9728F3BACFC6}.Release|iPhoneSimulator.Deploy.0 = Release|Any CPU
	EndGlobalSection
	GlobalSection(SolutionProperties) = preSolution
		HideSolutionNode = FALSE
	EndGlobalSection
	GlobalSection(ExtensibilityGlobals) = postSolution
		SolutionGuid = {A530A551-54F4-495C-BA00-7A17F53423B0}
	EndGlobalSection
EndGlobal
