
Microsoft Visual Studio Solution File, Format Version 12.00
# Visual Studio 15
VisualStudioVersion = 15.0.27703.1
MinimumVisualStudioVersion = 10.0.40219.1
Project("{FAE04EC0-301F-11D3-BF4B-00C04F79EFBC}") = "HelloBindingMode.Android", "HelloBindingMode\HelloBindingMode.Android\HelloBindingMode.Android.csproj", "{E47669F8-7A77-4740-87DA-ABF9C38C9C40}"
EndProject
Project("{FAE04EC0-301F-11D3-BF4B-00C04F79EFBC}") = "HelloBindingMode.iOS", "HelloBindingMode\HelloBindingMode.iOS\HelloBindingMode.iOS.csproj", "{3BF05560-15FD-4ED0-A4CD-2777668E1369}"
EndProject
Project("{FAE04EC0-301F-11D3-BF4B-00C04F79EFBC}") = "HelloBindingMode", "HelloBindingMode\HelloBindingMode\HelloBindingMode.csproj", "{560EFDA4-B987-4411-BF04-A36139DFC777}"
EndProject
Global
	GlobalSection(SolutionConfigurationPlatforms) = preSolution
		Ad-Hoc|Any CPU = Ad-Hoc|Any CPU
		Ad-Hoc|iPhone = Ad-Hoc|iPhone
		Ad-Hoc|iPhoneSimulator = Ad-Hoc|iPhoneSimulator
		AppStore|Any CPU = AppStore|Any CPU
		AppStore|iPhone = AppStore|iPhone
		AppStore|iPhoneSimulator = AppStore|iPhoneSimulator
		Debug|Any CPU = Debug|Any CPU
		Debug|iPhone = Debug|iPhone
		Debug|iPhoneSimulator = Debug|iPhoneSimulator
		Release|Any CPU = Release|Any CPU
		Release|iPhone = Release|iPhone
		Release|iPhoneSimulator = Release|iPhoneSimulator
	EndGlobalSection
	GlobalSection(ProjectConfigurationPlatforms) = postSolution
		{E47669F8-7A77-4740-87DA-ABF9C38C9C40}.Ad-Hoc|Any CPU.ActiveCfg = Release|Any CPU
		{E47669F8-7A77-4740-87DA-ABF9C38C9C40}.Ad-Hoc|Any CPU.Build.0 = Release|Any CPU
		{E47669F8-7A77-4740-87DA-ABF9C38C9C40}.Ad-Hoc|Any CPU.Deploy.0 = Release|Any CPU
		{E47669F8-7A77-4740-87DA-ABF9C38C9C40}.Ad-Hoc|iPhone.ActiveCfg = Release|Any CPU
		{E47669F8-7A77-4740-87DA-ABF9C38C9C40}.Ad-Hoc|iPhone.Build.0 = Release|Any CPU
		{E47669F8-7A77-4740-87DA-ABF9C38C9C40}.Ad-Hoc|iPhone.Deploy.0 = Release|Any CPU
		{E47669F8-7A77-4740-87DA-ABF9C38C9C40}.Ad-Hoc|iPhoneSimulator.ActiveCfg = Release|Any CPU
		{E47669F8-7A77-4740-87DA-ABF9C38C9C40}.Ad-Hoc|iPhoneSimulator.Build.0 = Release|Any CPU
		{E47669F8-7A77-4740-87DA-ABF9C38C9C40}.Ad-Hoc|iPhoneSimulator.Deploy.0 = Release|Any CPU
		{E47669F8-7A77-4740-87DA-ABF9C38C9C40}.AppStore|Any CPU.ActiveCfg = Release|Any CPU
		{E47669F8-7A77-4740-87DA-ABF9C38C9C40}.AppStore|Any CPU.Build.0 = Release|Any CPU
		{E47669F8-7A77-4740-87DA-ABF9C38C9C40}.AppStore|Any CPU.Deploy.0 = Release|Any CPU
		{E47669F8-7A77-4740-87DA-ABF9C38C9C40}.AppStore|iPhone.ActiveCfg = Release|Any CPU
		{E47669F8-7A77-4740-87DA-ABF9C38C9C40}.AppStore|iPhone.Build.0 = Release|Any CPU
		{E47669F8-7A77-4740-87DA-ABF9C38C9C40}.AppStore|iPhone.Deploy.0 = Release|Any CPU
		{E47669F8-7A77-4740-87DA-ABF9C38C9C40}.AppStore|iPhoneSimulator.ActiveCfg = Release|Any CPU
		{E47669F8-7A77-4740-87DA-ABF9C38C9C40}.AppStore|iPhoneSimulator.Build.0 = Release|Any CPU
		{E47669F8-7A77-4740-87DA-ABF9C38C9C40}.AppStore|iPhoneSimulator.Deploy.0 = Release|Any CPU
		{E47669F8-7A77-4740-87DA-ABF9C38C9C40}.Debug|Any CPU.ActiveCfg = Debug|Any CPU
		{E47669F8-7A77-4740-87DA-ABF9C38C9C40}.Debug|Any CPU.Build.0 = Debug|Any CPU
		{E47669F8-7A77-4740-87DA-ABF9C38C9C40}.Debug|Any CPU.Deploy.0 = Debug|Any CPU
		{E47669F8-7A77-4740-87DA-ABF9C38C9C40}.Debug|iPhone.ActiveCfg = Debug|Any CPU
		{E47669F8-7A77-4740-87DA-ABF9C38C9C40}.Debug|iPhone.Build.0 = Debug|Any CPU
		{E47669F8-7A77-4740-87DA-ABF9C38C9C40}.Debug|iPhone.Deploy.0 = Debug|Any CPU
		{E47669F8-7A77-4740-87DA-ABF9C38C9C40}.Debug|iPhoneSimulator.ActiveCfg = Debug|Any CPU
		{E47669F8-7A77-4740-87DA-ABF9C38C9C40}.Debug|iPhoneSimulator.Build.0 = Debug|Any CPU
		{E47669F8-7A77-4740-87DA-ABF9C38C9C40}.Debug|iPhoneSimulator.Deploy.0 = Debug|Any CPU
		{E47669F8-7A77-4740-87DA-ABF9C38C9C40}.Release|Any CPU.ActiveCfg = Release|Any CPU
		{E47669F8-7A77-4740-87DA-ABF9C38C9C40}.Release|Any CPU.Build.0 = Release|Any CPU
		{E47669F8-7A77-4740-87DA-ABF9C38C9C40}.Release|Any CPU.Deploy.0 = Release|Any CPU
		{E47669F8-7A77-4740-87DA-ABF9C38C9C40}.Release|iPhone.ActiveCfg = Release|Any CPU
		{E47669F8-7A77-4740-87DA-ABF9C38C9C40}.Release|iPhone.Build.0 = Release|Any CPU
		{E47669F8-7A77-4740-87DA-ABF9C38C9C40}.Release|iPhone.Deploy.0 = Release|Any CPU
		{E47669F8-7A77-4740-87DA-ABF9C38C9C40}.Release|iPhoneSimulator.ActiveCfg = Release|Any CPU
		{E47669F8-7A77-4740-87DA-ABF9C38C9C40}.Release|iPhoneSimulator.Build.0 = Release|Any CPU
		{E47669F8-7A77-4740-87DA-ABF9C38C9C40}.Release|iPhoneSimulator.Deploy.0 = Release|Any CPU
		{3BF05560-15FD-4ED0-A4CD-2777668E1369}.Ad-Hoc|Any CPU.ActiveCfg = Ad-Hoc|iPhone
		{3BF05560-15FD-4ED0-A4CD-2777668E1369}.Ad-Hoc|Any CPU.Build.0 = Ad-Hoc|iPhone
		{3BF05560-15FD-4ED0-A4CD-2777668E1369}.Ad-Hoc|Any CPU.Deploy.0 = Ad-Hoc|iPhone
		{3BF05560-15FD-4ED0-A4CD-2777668E1369}.Ad-Hoc|iPhone.ActiveCfg = Ad-Hoc|iPhone
		{3BF05560-15FD-4ED0-A4CD-2777668E1369}.Ad-Hoc|iPhone.Build.0 = Ad-Hoc|iPhone
		{3BF05560-15FD-4ED0-A4CD-2777668E1369}.Ad-Hoc|iPhone.Deploy.0 = Ad-Hoc|iPhone
		{3BF05560-15FD-4ED0-A4CD-2777668E1369}.Ad-Hoc|iPhoneSimulator.ActiveCfg = Ad-Hoc|iPhoneSimulator
		{3BF05560-15FD-4ED0-A4CD-2777668E1369}.Ad-Hoc|iPhoneSimulator.Build.0 = Ad-Hoc|iPhoneSimulator
		{3BF05560-15FD-4ED0-A4CD-2777668E1369}.Ad-Hoc|iPhoneSimulator.Deploy.0 = Ad-Hoc|iPhoneSimulator
		{3BF05560-15FD-4ED0-A4CD-2777668E1369}.AppStore|Any CPU.ActiveCfg = AppStore|iPhone
		{3BF05560-15FD-4ED0-A4CD-2777668E1369}.AppStore|Any CPU.Build.0 = AppStore|iPhone
		{3BF05560-15FD-4ED0-A4CD-2777668E1369}.AppStore|Any CPU.Deploy.0 = AppStore|iPhone
		{3BF05560-15FD-4ED0-A4CD-2777668E1369}.AppStore|iPhone.ActiveCfg = AppStore|iPhone
		{3BF05560-15FD-4ED0-A4CD-2777668E1369}.AppStore|iPhone.Build.0 = AppStore|iPhone
		{3BF05560-15FD-4ED0-A4CD-2777668E1369}.AppStore|iPhone.Deploy.0 = AppStore|iPhone
		{3BF05560-15FD-4ED0-A4CD-2777668E1369}.AppStore|iPhoneSimulator.ActiveCfg = AppStore|iPhoneSimulator
		{3BF05560-15FD-4ED0-A4CD-2777668E1369}.AppStore|iPhoneSimulator.Build.0 = AppStore|iPhoneSimulator
		{3BF05560-15FD-4ED0-A4CD-2777668E1369}.AppStore|iPhoneSimulator.Deploy.0 = AppStore|iPhoneSimulator
		{3BF05560-15FD-4ED0-A4CD-2777668E1369}.Debug|Any CPU.ActiveCfg = Debug|iPhoneSimulator
		{3BF05560-15FD-4ED0-A4CD-2777668E1369}.Debug|Any CPU.Build.0 = Debug|iPhoneSimulator
		{3BF05560-15FD-4ED0-A4CD-2777668E1369}.Debug|Any CPU.Deploy.0 = Debug|iPhoneSimulator
		{3BF05560-15FD-4ED0-A4CD-2777668E1369}.Debug|iPhone.ActiveCfg = Debug|iPhone
		{3BF05560-15FD-4ED0-A4CD-2777668E1369}.Debug|iPhone.Build.0 = Debug|iPhone
		{3BF05560-15FD-4ED0-A4CD-2777668E1369}.Debug|iPhone.Deploy.0 = Debug|iPhone
		{3BF05560-15FD-4ED0-A4CD-2777668E1369}.Debug|iPhoneSimulator.ActiveCfg = Debug|iPhoneSimulator
		{3BF05560-15FD-4ED0-A4CD-2777668E1369}.Debug|iPhoneSimulator.Build.0 = Debug|iPhoneSimulator
		{3BF05560-15FD-4ED0-A4CD-2777668E1369}.Debug|iPhoneSimulator.Deploy.0 = Debug|iPhoneSimulator
		{3BF05560-15FD-4ED0-A4CD-2777668E1369}.Release|Any CPU.ActiveCfg = Release|iPhone
		{3BF05560-15FD-4ED0-A4CD-2777668E1369}.Release|Any CPU.Build.0 = Release|iPhone
		{3BF05560-15FD-4ED0-A4CD-2777668E1369}.Release|Any CPU.Deploy.0 = Release|iPhone
		{3BF05560-15FD-4ED0-A4CD-2777668E1369}.Release|iPhone.ActiveCfg = Release|iPhone
		{3BF05560-15FD-4ED0-A4CD-2777668E1369}.Release|iPhone.Build.0 = Release|iPhone
		{3BF05560-15FD-4ED0-A4CD-2777668E1369}.Release|iPhone.Deploy.0 = Release|iPhone
		{3BF05560-15FD-4ED0-A4CD-2777668E1369}.Release|iPhoneSimulator.ActiveCfg = Release|iPhoneSimulator
		{3BF05560-15FD-4ED0-A4CD-2777668E1369}.Release|iPhoneSimulator.Build.0 = Release|iPhoneSimulator
		{3BF05560-15FD-4ED0-A4CD-2777668E1369}.Release|iPhoneSimulator.Deploy.0 = Release|iPhoneSimulator
		{560EFDA4-B987-4411-BF04-A36139DFC777}.Ad-Hoc|Any CPU.ActiveCfg = Debug|Any CPU
		{560EFDA4-B987-4411-BF04-A36139DFC777}.Ad-Hoc|Any CPU.Build.0 = Debug|Any CPU
		{560EFDA4-B987-4411-BF04-A36139DFC777}.Ad-Hoc|Any CPU.Deploy.0 = Debug|Any CPU
		{560EFDA4-B987-4411-BF04-A36139DFC777}.Ad-Hoc|iPhone.ActiveCfg = Debug|Any CPU
		{560EFDA4-B987-4411-BF04-A36139DFC777}.Ad-Hoc|iPhone.Build.0 = Debug|Any CPU
		{560EFDA4-B987-4411-BF04-A36139DFC777}.Ad-Hoc|iPhone.Deploy.0 = Debug|Any CPU
		{560EFDA4-B987-4411-BF04-A36139DFC777}.Ad-Hoc|iPhoneSimulator.ActiveCfg = Debug|Any CPU
		{560EFDA4-B987-4411-BF04-A36139DFC777}.Ad-Hoc|iPhoneSimulator.Build.0 = Debug|Any CPU
		{560EFDA4-B987-4411-BF04-A36139DFC777}.Ad-Hoc|iPhoneSimulator.Deploy.0 = Debug|Any CPU
		{560EFDA4-B987-4411-BF04-A36139DFC777}.AppStore|Any CPU.ActiveCfg = Debug|Any CPU
		{560EFDA4-B987-4411-BF04-A36139DFC777}.AppStore|Any CPU.Build.0 = Debug|Any CPU
		{560EFDA4-B987-4411-BF04-A36139DFC777}.AppStore|Any CPU.Deploy.0 = Debug|Any CPU
		{560EFDA4-B987-4411-BF04-A36139DFC777}.AppStore|iPhone.ActiveCfg = Debug|Any CPU
		{560EFDA4-B987-4411-BF04-A36139DFC777}.AppStore|iPhone.Build.0 = Debug|Any CPU
		{560EFDA4-B987-4411-BF04-A36139DFC777}.AppStore|iPhone.Deploy.0 = Debug|Any CPU
		{560EFDA4-B987-4411-BF04-A36139DFC777}.AppStore|iPhoneSimulator.ActiveCfg = Debug|Any CPU
		{560EFDA4-B987-4411-BF04-A36139DFC777}.AppStore|iPhoneSimulator.Build.0 = Debug|Any CPU
		{560EFDA4-B987-4411-BF04-A36139DFC777}.AppStore|iPhoneSimulator.Deploy.0 = Debug|Any CPU
		{560EFDA4-B987-4411-BF04-A36139DFC777}.Debug|Any CPU.ActiveCfg = Debug|Any CPU
		{560EFDA4-B987-4411-BF04-A36139DFC777}.Debug|Any CPU.Build.0 = Debug|Any CPU
		{560EFDA4-B987-4411-BF04-A36139DFC777}.Debug|Any CPU.Deploy.0 = Debug|Any CPU
		{560EFDA4-B987-4411-BF04-A36139DFC777}.Debug|iPhone.ActiveCfg = Debug|Any CPU
		{560EFDA4-B987-4411-BF04-A36139DFC777}.Debug|iPhone.Build.0 = Debug|Any CPU
		{560EFDA4-B987-4411-BF04-A36139DFC777}.Debug|iPhone.Deploy.0 = Debug|Any CPU
		{560EFDA4-B987-4411-BF04-A36139DFC777}.Debug|iPhoneSimulator.ActiveCfg = Debug|Any CPU
		{560EFDA4-B987-4411-BF04-A36139DFC777}.Debug|iPhoneSimulator.Build.0 = Debug|Any CPU
		{560EFDA4-B987-4411-BF04-A36139DFC777}.Debug|iPhoneSimulator.Deploy.0 = Debug|Any CPU
		{560EFDA4-B987-4411-BF04-A36139DFC777}.Release|Any CPU.ActiveCfg = Release|Any CPU
		{560EFDA4-B987-4411-BF04-A36139DFC777}.Release|Any CPU.Build.0 = Release|Any CPU
		{560EFDA4-B987-4411-BF04-A36139DFC777}.Release|Any CPU.Deploy.0 = Release|Any CPU
		{560EFDA4-B987-4411-BF04-A36139DFC777}.Release|iPhone.ActiveCfg = Release|Any CPU
		{560EFDA4-B987-4411-BF04-A36139DFC777}.Release|iPhone.Build.0 = Release|Any CPU
		{560EFDA4-B987-4411-BF04-A36139DFC777}.Release|iPhone.Deploy.0 = Release|Any CPU
		{560EFDA4-B987-4411-BF04-A36139DFC777}.Release|iPhoneSimulator.ActiveCfg = Release|Any CPU
		{560EFDA4-B987-4411-BF04-A36139DFC777}.Release|iPhoneSimulator.Build.0 = Release|Any CPU
		{560EFDA4-B987-4411-BF04-A36139DFC777}.Release|iPhoneSimulator.Deploy.0 = Release|Any CPU
	EndGlobalSection
	GlobalSection(SolutionProperties) = preSolution
		HideSolutionNode = FALSE
	EndGlobalSection
	GlobalSection(ExtensibilityGlobals) = postSolution
		SolutionGuid = {D9399794-0A3D-4794-A9F7-3B4C5850759A}
	EndGlobalSection
EndGlobal
