
Microsoft Visual Studio Solution File, Format Version 12.00
# Visual Studio 15
VisualStudioVersion = 15.0.27703.1
MinimumVisualStudioVersion = 10.0.40219.1
Project("{FAE04EC0-301F-11D3-BF4B-00C04F79EFBC}") = "HelloOnPlatform.Android", "HelloOnPlatform\HelloOnPlatform.Android\HelloOnPlatform.Android.csproj", "{2B1DDFD5-125C-430F-A190-2F12E0EB6131}"
EndProject
Project("{FAE04EC0-301F-11D3-BF4B-00C04F79EFBC}") = "HelloOnPlatform.iOS", "HelloOnPlatform\HelloOnPlatform.iOS\HelloOnPlatform.iOS.csproj", "{E3188E5F-2C7E-4B98-97B1-63189A408966}"
EndProject
Project("{FAE04EC0-301F-11D3-BF4B-00C04F79EFBC}") = "HelloOnPlatform", "HelloOnPlatform\HelloOnPlatform\HelloOnPlatform.csproj", "{EDB01F08-24E9-4A13-81BE-E07394BA8527}"
EndProject
Global
	GlobalSection(SolutionConfigurationPlatforms) = preSolution
		Ad-Hoc|Any CPU = Ad-Hoc|Any CPU
		Ad-Hoc|iPhone = Ad-Hoc|iPhone
		Ad-Hoc|iPhoneSimulator = Ad-Hoc|iPhoneSimulator
		AppStore|Any CPU = AppStore|Any CPU
		AppStore|iPhone = AppStore|iPhone
		AppStore|iPhoneSimulator = AppStore|iPhoneSimulator
		Debug|Any CPU = Debug|Any CPU
		Debug|iPhone = Debug|iPhone
		Debug|iPhoneSimulator = Debug|iPhoneSimulator
		Release|Any CPU = Release|Any CPU
		Release|iPhone = Release|iPhone
		Release|iPhoneSimulator = Release|iPhoneSimulator
	EndGlobalSection
	GlobalSection(ProjectConfigurationPlatforms) = postSolution
		{2B1DDFD5-125C-430F-A190-2F12E0EB6131}.Ad-Hoc|Any CPU.ActiveCfg = Release|Any CPU
		{2B1DDFD5-125C-430F-A190-2F12E0EB6131}.Ad-Hoc|Any CPU.Build.0 = Release|Any CPU
		{2B1DDFD5-125C-430F-A190-2F12E0EB6131}.Ad-Hoc|Any CPU.Deploy.0 = Release|Any CPU
		{2B1DDFD5-125C-430F-A190-2F12E0EB6131}.Ad-Hoc|iPhone.ActiveCfg = Release|Any CPU
		{2B1DDFD5-125C-430F-A190-2F12E0EB6131}.Ad-Hoc|iPhone.Build.0 = Release|Any CPU
		{2B1DDFD5-125C-430F-A190-2F12E0EB6131}.Ad-Hoc|iPhone.Deploy.0 = Release|Any CPU
		{2B1DDFD5-125C-430F-A190-2F12E0EB6131}.Ad-Hoc|iPhoneSimulator.ActiveCfg = Release|Any CPU
		{2B1DDFD5-125C-430F-A190-2F12E0EB6131}.Ad-Hoc|iPhoneSimulator.Build.0 = Release|Any CPU
		{2B1DDFD5-125C-430F-A190-2F12E0EB6131}.Ad-Hoc|iPhoneSimulator.Deploy.0 = Release|Any CPU
		{2B1DDFD5-125C-430F-A190-2F12E0EB6131}.AppStore|Any CPU.ActiveCfg = Release|Any CPU
		{2B1DDFD5-125C-430F-A190-2F12E0EB6131}.AppStore|Any CPU.Build.0 = Release|Any CPU
		{2B1DDFD5-125C-430F-A190-2F12E0EB6131}.AppStore|Any CPU.Deploy.0 = Release|Any CPU
		{2B1DDFD5-125C-430F-A190-2F12E0EB6131}.AppStore|iPhone.ActiveCfg = Release|Any CPU
		{2B1DDFD5-125C-430F-A190-2F12E0EB6131}.AppStore|iPhone.Build.0 = Release|Any CPU
		{2B1DDFD5-125C-430F-A190-2F12E0EB6131}.AppStore|iPhone.Deploy.0 = Release|Any CPU
		{2B1DDFD5-125C-430F-A190-2F12E0EB6131}.AppStore|iPhoneSimulator.ActiveCfg = Release|Any CPU
		{2B1DDFD5-125C-430F-A190-2F12E0EB6131}.AppStore|iPhoneSimulator.Build.0 = Release|Any CPU
		{2B1DDFD5-125C-430F-A190-2F12E0EB6131}.AppStore|iPhoneSimulator.Deploy.0 = Release|Any CPU
		{2B1DDFD5-125C-430F-A190-2F12E0EB6131}.Debug|Any CPU.ActiveCfg = Debug|Any CPU
		{2B1DDFD5-125C-430F-A190-2F12E0EB6131}.Debug|Any CPU.Build.0 = Debug|Any CPU
		{2B1DDFD5-125C-430F-A190-2F12E0EB6131}.Debug|Any CPU.Deploy.0 = Debug|Any CPU
		{2B1DDFD5-125C-430F-A190-2F12E0EB6131}.Debug|iPhone.ActiveCfg = Debug|Any CPU
		{2B1DDFD5-125C-430F-A190-2F12E0EB6131}.Debug|iPhone.Build.0 = Debug|Any CPU
		{2B1DDFD5-125C-430F-A190-2F12E0EB6131}.Debug|iPhone.Deploy.0 = Debug|Any CPU
		{2B1DDFD5-125C-430F-A190-2F12E0EB6131}.Debug|iPhoneSimulator.ActiveCfg = Debug|Any CPU
		{2B1DDFD5-125C-430F-A190-2F12E0EB6131}.Debug|iPhoneSimulator.Build.0 = Debug|Any CPU
		{2B1DDFD5-125C-430F-A190-2F12E0EB6131}.Debug|iPhoneSimulator.Deploy.0 = Debug|Any CPU
		{2B1DDFD5-125C-430F-A190-2F12E0EB6131}.Release|Any CPU.ActiveCfg = Release|Any CPU
		{2B1DDFD5-125C-430F-A190-2F12E0EB6131}.Release|Any CPU.Build.0 = Release|Any CPU
		{2B1DDFD5-125C-430F-A190-2F12E0EB6131}.Release|Any CPU.Deploy.0 = Release|Any CPU
		{2B1DDFD5-125C-430F-A190-2F12E0EB6131}.Release|iPhone.ActiveCfg = Release|Any CPU
		{2B1DDFD5-125C-430F-A190-2F12E0EB6131}.Release|iPhone.Build.0 = Release|Any CPU
		{2B1DDFD5-125C-430F-A190-2F12E0EB6131}.Release|iPhone.Deploy.0 = Release|Any CPU
		{2B1DDFD5-125C-430F-A190-2F12E0EB6131}.Release|iPhoneSimulator.ActiveCfg = Release|Any CPU
		{2B1DDFD5-125C-430F-A190-2F12E0EB6131}.Release|iPhoneSimulator.Build.0 = Release|Any CPU
		{2B1DDFD5-125C-430F-A190-2F12E0EB6131}.Release|iPhoneSimulator.Deploy.0 = Release|Any CPU
		{E3188E5F-2C7E-4B98-97B1-63189A408966}.Ad-Hoc|Any CPU.ActiveCfg = Ad-Hoc|iPhone
		{E3188E5F-2C7E-4B98-97B1-63189A408966}.Ad-Hoc|Any CPU.Build.0 = Ad-Hoc|iPhone
		{E3188E5F-2C7E-4B98-97B1-63189A408966}.Ad-Hoc|Any CPU.Deploy.0 = Ad-Hoc|iPhone
		{E3188E5F-2C7E-4B98-97B1-63189A408966}.Ad-Hoc|iPhone.ActiveCfg = Ad-Hoc|iPhone
		{E3188E5F-2C7E-4B98-97B1-63189A408966}.Ad-Hoc|iPhone.Build.0 = Ad-Hoc|iPhone
		{E3188E5F-2C7E-4B98-97B1-63189A408966}.Ad-Hoc|iPhone.Deploy.0 = Ad-Hoc|iPhone
		{E3188E5F-2C7E-4B98-97B1-63189A408966}.Ad-Hoc|iPhoneSimulator.ActiveCfg = Ad-Hoc|iPhoneSimulator
		{E3188E5F-2C7E-4B98-97B1-63189A408966}.Ad-Hoc|iPhoneSimulator.Build.0 = Ad-Hoc|iPhoneSimulator
		{E3188E5F-2C7E-4B98-97B1-63189A408966}.Ad-Hoc|iPhoneSimulator.Deploy.0 = Ad-Hoc|iPhoneSimulator
		{E3188E5F-2C7E-4B98-97B1-63189A408966}.AppStore|Any CPU.ActiveCfg = AppStore|iPhone
		{E3188E5F-2C7E-4B98-97B1-63189A408966}.AppStore|Any CPU.Build.0 = AppStore|iPhone
		{E3188E5F-2C7E-4B98-97B1-63189A408966}.AppStore|Any CPU.Deploy.0 = AppStore|iPhone
		{E3188E5F-2C7E-4B98-97B1-63189A408966}.AppStore|iPhone.ActiveCfg = AppStore|iPhone
		{E3188E5F-2C7E-4B98-97B1-63189A408966}.AppStore|iPhone.Build.0 = AppStore|iPhone
		{E3188E5F-2C7E-4B98-97B1-63189A408966}.AppStore|iPhone.Deploy.0 = AppStore|iPhone
		{E3188E5F-2C7E-4B98-97B1-63189A408966}.AppStore|iPhoneSimulator.ActiveCfg = AppStore|iPhoneSimulator
		{E3188E5F-2C7E-4B98-97B1-63189A408966}.AppStore|iPhoneSimulator.Build.0 = AppStore|iPhoneSimulator
		{E3188E5F-2C7E-4B98-97B1-63189A408966}.AppStore|iPhoneSimulator.Deploy.0 = AppStore|iPhoneSimulator
		{E3188E5F-2C7E-4B98-97B1-63189A408966}.Debug|Any CPU.ActiveCfg = Debug|iPhoneSimulator
		{E3188E5F-2C7E-4B98-97B1-63189A408966}.Debug|Any CPU.Build.0 = Debug|iPhoneSimulator
		{E3188E5F-2C7E-4B98-97B1-63189A408966}.Debug|Any CPU.Deploy.0 = Debug|iPhoneSimulator
		{E3188E5F-2C7E-4B98-97B1-63189A408966}.Debug|iPhone.ActiveCfg = Debug|iPhone
		{E3188E5F-2C7E-4B98-97B1-63189A408966}.Debug|iPhone.Build.0 = Debug|iPhone
		{E3188E5F-2C7E-4B98-97B1-63189A408966}.Debug|iPhone.Deploy.0 = Debug|iPhone
		{E3188E5F-2C7E-4B98-97B1-63189A408966}.Debug|iPhoneSimulator.ActiveCfg = Debug|iPhoneSimulator
		{E3188E5F-2C7E-4B98-97B1-63189A408966}.Debug|iPhoneSimulator.Build.0 = Debug|iPhoneSimulator
		{E3188E5F-2C7E-4B98-97B1-63189A408966}.Debug|iPhoneSimulator.Deploy.0 = Debug|iPhoneSimulator
		{E3188E5F-2C7E-4B98-97B1-63189A408966}.Release|Any CPU.ActiveCfg = Release|iPhone
		{E3188E5F-2C7E-4B98-97B1-63189A408966}.Release|Any CPU.Build.0 = Release|iPhone
		{E3188E5F-2C7E-4B98-97B1-63189A408966}.Release|Any CPU.Deploy.0 = Release|iPhone
		{E3188E5F-2C7E-4B98-97B1-63189A408966}.Release|iPhone.ActiveCfg = Release|iPhone
		{E3188E5F-2C7E-4B98-97B1-63189A408966}.Release|iPhone.Build.0 = Release|iPhone
		{E3188E5F-2C7E-4B98-97B1-63189A408966}.Release|iPhone.Deploy.0 = Release|iPhone
		{E3188E5F-2C7E-4B98-97B1-63189A408966}.Release|iPhoneSimulator.ActiveCfg = Release|iPhoneSimulator
		{E3188E5F-2C7E-4B98-97B1-63189A408966}.Release|iPhoneSimulator.Build.0 = Release|iPhoneSimulator
		{E3188E5F-2C7E-4B98-97B1-63189A408966}.Release|iPhoneSimulator.Deploy.0 = Release|iPhoneSimulator
		{EDB01F08-24E9-4A13-81BE-E07394BA8527}.Ad-Hoc|Any CPU.ActiveCfg = Debug|Any CPU
		{EDB01F08-24E9-4A13-81BE-E07394BA8527}.Ad-Hoc|Any CPU.Build.0 = Debug|Any CPU
		{EDB01F08-24E9-4A13-81BE-E07394BA8527}.Ad-Hoc|Any CPU.Deploy.0 = Debug|Any CPU
		{EDB01F08-24E9-4A13-81BE-E07394BA8527}.Ad-Hoc|iPhone.ActiveCfg = Debug|Any CPU
		{EDB01F08-24E9-4A13-81BE-E07394BA8527}.Ad-Hoc|iPhone.Build.0 = Debug|Any CPU
		{EDB01F08-24E9-4A13-81BE-E07394BA8527}.Ad-Hoc|iPhone.Deploy.0 = Debug|Any CPU
		{EDB01F08-24E9-4A13-81BE-E07394BA8527}.Ad-Hoc|iPhoneSimulator.ActiveCfg = Debug|Any CPU
		{EDB01F08-24E9-4A13-81BE-E07394BA8527}.Ad-Hoc|iPhoneSimulator.Build.0 = Debug|Any CPU
		{EDB01F08-24E9-4A13-81BE-E07394BA8527}.Ad-Hoc|iPhoneSimulator.Deploy.0 = Debug|Any CPU
		{EDB01F08-24E9-4A13-81BE-E07394BA8527}.AppStore|Any CPU.ActiveCfg = Debug|Any CPU
		{EDB01F08-24E9-4A13-81BE-E07394BA8527}.AppStore|Any CPU.Build.0 = Debug|Any CPU
		{EDB01F08-24E9-4A13-81BE-E07394BA8527}.AppStore|Any CPU.Deploy.0 = Debug|Any CPU
		{EDB01F08-24E9-4A13-81BE-E07394BA8527}.AppStore|iPhone.ActiveCfg = Debug|Any CPU
		{EDB01F08-24E9-4A13-81BE-E07394BA8527}.AppStore|iPhone.Build.0 = Debug|Any CPU
		{EDB01F08-24E9-4A13-81BE-E07394BA8527}.AppStore|iPhone.Deploy.0 = Debug|Any CPU
		{EDB01F08-24E9-4A13-81BE-E07394BA8527}.AppStore|iPhoneSimulator.ActiveCfg = Debug|Any CPU
		{EDB01F08-24E9-4A13-81BE-E07394BA8527}.AppStore|iPhoneSimulator.Build.0 = Debug|Any CPU
		{EDB01F08-24E9-4A13-81BE-E07394BA8527}.AppStore|iPhoneSimulator.Deploy.0 = Debug|Any CPU
		{EDB01F08-24E9-4A13-81BE-E07394BA8527}.Debug|Any CPU.ActiveCfg = Debug|Any CPU
		{EDB01F08-24E9-4A13-81BE-E07394BA8527}.Debug|Any CPU.Build.0 = Debug|Any CPU
		{EDB01F08-24E9-4A13-81BE-E07394BA8527}.Debug|Any CPU.Deploy.0 = Debug|Any CPU
		{EDB01F08-24E9-4A13-81BE-E07394BA8527}.Debug|iPhone.ActiveCfg = Debug|Any CPU
		{EDB01F08-24E9-4A13-81BE-E07394BA8527}.Debug|iPhone.Build.0 = Debug|Any CPU
		{EDB01F08-24E9-4A13-81BE-E07394BA8527}.Debug|iPhone.Deploy.0 = Debug|Any CPU
		{EDB01F08-24E9-4A13-81BE-E07394BA8527}.Debug|iPhoneSimulator.ActiveCfg = Debug|Any CPU
		{EDB01F08-24E9-4A13-81BE-E07394BA8527}.Debug|iPhoneSimulator.Build.0 = Debug|Any CPU
		{EDB01F08-24E9-4A13-81BE-E07394BA8527}.Debug|iPhoneSimulator.Deploy.0 = Debug|Any CPU
		{EDB01F08-24E9-4A13-81BE-E07394BA8527}.Release|Any CPU.ActiveCfg = Release|Any CPU
		{EDB01F08-24E9-4A13-81BE-E07394BA8527}.Release|Any CPU.Build.0 = Release|Any CPU
		{EDB01F08-24E9-4A13-81BE-E07394BA8527}.Release|Any CPU.Deploy.0 = Release|Any CPU
		{EDB01F08-24E9-4A13-81BE-E07394BA8527}.Release|iPhone.ActiveCfg = Release|Any CPU
		{EDB01F08-24E9-4A13-81BE-E07394BA8527}.Release|iPhone.Build.0 = Release|Any CPU
		{EDB01F08-24E9-4A13-81BE-E07394BA8527}.Release|iPhone.Deploy.0 = Release|Any CPU
		{EDB01F08-24E9-4A13-81BE-E07394BA8527}.Release|iPhoneSimulator.ActiveCfg = Release|Any CPU
		{EDB01F08-24E9-4A13-81BE-E07394BA8527}.Release|iPhoneSimulator.Build.0 = Release|Any CPU
		{EDB01F08-24E9-4A13-81BE-E07394BA8527}.Release|iPhoneSimulator.Deploy.0 = Release|Any CPU
	EndGlobalSection
	GlobalSection(SolutionProperties) = preSolution
		HideSolutionNode = FALSE
	EndGlobalSection
	GlobalSection(ExtensibilityGlobals) = postSolution
		SolutionGuid = {7D616B51-4870-44ED-A5A3-5C25B069CFE2}
	EndGlobalSection
EndGlobal
