
Microsoft Visual Studio Solution File, Format Version 12.00
# Visual Studio 15
VisualStudioVersion = 15.0.27703.1
MinimumVisualStudioVersion = 10.0.40219.1
Project("{FAE04EC0-301F-11D3-BF4B-00C04F79EFBC}") = "HelloCustomMarkup.Android", "HelloCustomMarkup\HelloCustomMarkup.Android\HelloCustomMarkup.Android.csproj", "{35F53F26-3434-4723-B908-7A403A2D6218}"
EndProject
Project("{FAE04EC0-301F-11D3-BF4B-00C04F79EFBC}") = "HelloCustomMarkup.iOS", "HelloCustomMarkup\HelloCustomMarkup.iOS\HelloCustomMarkup.iOS.csproj", "{FC52DF6A-82C7-43BF-82DA-2CAA5C27A80F}"
EndProject
Project("{FAE04EC0-301F-11D3-BF4B-00C04F79EFBC}") = "HelloCustomMarkup", "HelloCustomMarkup\HelloCustomMarkup\HelloCustomMarkup.csproj", "{139D14BB-B868-46DF-B503-7360D864686D}"
EndProject
Global
	GlobalSection(SolutionConfigurationPlatforms) = preSolution
		Ad-Hoc|Any CPU = Ad-Hoc|Any CPU
		Ad-Hoc|iPhone = Ad-Hoc|iPhone
		Ad-Hoc|iPhoneSimulator = Ad-Hoc|iPhoneSimulator
		AppStore|Any CPU = AppStore|Any CPU
		AppStore|iPhone = AppStore|iPhone
		AppStore|iPhoneSimulator = AppStore|iPhoneSimulator
		Debug|Any CPU = Debug|Any CPU
		Debug|iPhone = Debug|iPhone
		Debug|iPhoneSimulator = Debug|iPhoneSimulator
		Release|Any CPU = Release|Any CPU
		Release|iPhone = Release|iPhone
		Release|iPhoneSimulator = Release|iPhoneSimulator
	EndGlobalSection
	GlobalSection(ProjectConfigurationPlatforms) = postSolution
		{35F53F26-3434-4723-B908-7A403A2D6218}.Ad-Hoc|Any CPU.ActiveCfg = Release|Any CPU
		{35F53F26-3434-4723-B908-7A403A2D6218}.Ad-Hoc|Any CPU.Build.0 = Release|Any CPU
		{35F53F26-3434-4723-B908-7A403A2D6218}.Ad-Hoc|Any CPU.Deploy.0 = Release|Any CPU
		{35F53F26-3434-4723-B908-7A403A2D6218}.Ad-Hoc|iPhone.ActiveCfg = Release|Any CPU
		{35F53F26-3434-4723-B908-7A403A2D6218}.Ad-Hoc|iPhone.Build.0 = Release|Any CPU
		{35F53F26-3434-4723-B908-7A403A2D6218}.Ad-Hoc|iPhone.Deploy.0 = Release|Any CPU
		{35F53F26-3434-4723-B908-7A403A2D6218}.Ad-Hoc|iPhoneSimulator.ActiveCfg = Release|Any CPU
		{35F53F26-3434-4723-B908-7A403A2D6218}.Ad-Hoc|iPhoneSimulator.Build.0 = Release|Any CPU
		{35F53F26-3434-4723-B908-7A403A2D6218}.Ad-Hoc|iPhoneSimulator.Deploy.0 = Release|Any CPU
		{35F53F26-3434-4723-B908-7A403A2D6218}.AppStore|Any CPU.ActiveCfg = Release|Any CPU
		{35F53F26-3434-4723-B908-7A403A2D6218}.AppStore|Any CPU.Build.0 = Release|Any CPU
		{35F53F26-3434-4723-B908-7A403A2D6218}.AppStore|Any CPU.Deploy.0 = Release|Any CPU
		{35F53F26-3434-4723-B908-7A403A2D6218}.AppStore|iPhone.ActiveCfg = Release|Any CPU
		{35F53F26-3434-4723-B908-7A403A2D6218}.AppStore|iPhone.Build.0 = Release|Any CPU
		{35F53F26-3434-4723-B908-7A403A2D6218}.AppStore|iPhone.Deploy.0 = Release|Any CPU
		{35F53F26-3434-4723-B908-7A403A2D6218}.AppStore|iPhoneSimulator.ActiveCfg = Release|Any CPU
		{35F53F26-3434-4723-B908-7A403A2D6218}.AppStore|iPhoneSimulator.Build.0 = Release|Any CPU
		{35F53F26-3434-4723-B908-7A403A2D6218}.AppStore|iPhoneSimulator.Deploy.0 = Release|Any CPU
		{35F53F26-3434-4723-B908-7A403A2D6218}.Debug|Any CPU.ActiveCfg = Debug|Any CPU
		{35F53F26-3434-4723-B908-7A403A2D6218}.Debug|Any CPU.Build.0 = Debug|Any CPU
		{35F53F26-3434-4723-B908-7A403A2D6218}.Debug|Any CPU.Deploy.0 = Debug|Any CPU
		{35F53F26-3434-4723-B908-7A403A2D6218}.Debug|iPhone.ActiveCfg = Debug|Any CPU
		{35F53F26-3434-4723-B908-7A403A2D6218}.Debug|iPhone.Build.0 = Debug|Any CPU
		{35F53F26-3434-4723-B908-7A403A2D6218}.Debug|iPhone.Deploy.0 = Debug|Any CPU
		{35F53F26-3434-4723-B908-7A403A2D6218}.Debug|iPhoneSimulator.ActiveCfg = Debug|Any CPU
		{35F53F26-3434-4723-B908-7A403A2D6218}.Debug|iPhoneSimulator.Build.0 = Debug|Any CPU
		{35F53F26-3434-4723-B908-7A403A2D6218}.Debug|iPhoneSimulator.Deploy.0 = Debug|Any CPU
		{35F53F26-3434-4723-B908-7A403A2D6218}.Release|Any CPU.ActiveCfg = Release|Any CPU
		{35F53F26-3434-4723-B908-7A403A2D6218}.Release|Any CPU.Build.0 = Release|Any CPU
		{35F53F26-3434-4723-B908-7A403A2D6218}.Release|Any CPU.Deploy.0 = Release|Any CPU
		{35F53F26-3434-4723-B908-7A403A2D6218}.Release|iPhone.ActiveCfg = Release|Any CPU
		{35F53F26-3434-4723-B908-7A403A2D6218}.Release|iPhone.Build.0 = Release|Any CPU
		{35F53F26-3434-4723-B908-7A403A2D6218}.Release|iPhone.Deploy.0 = Release|Any CPU
		{35F53F26-3434-4723-B908-7A403A2D6218}.Release|iPhoneSimulator.ActiveCfg = Release|Any CPU
		{35F53F26-3434-4723-B908-7A403A2D6218}.Release|iPhoneSimulator.Build.0 = Release|Any CPU
		{35F53F26-3434-4723-B908-7A403A2D6218}.Release|iPhoneSimulator.Deploy.0 = Release|Any CPU
		{FC52DF6A-82C7-43BF-82DA-2CAA5C27A80F}.Ad-Hoc|Any CPU.ActiveCfg = Ad-Hoc|iPhone
		{FC52DF6A-82C7-43BF-82DA-2CAA5C27A80F}.Ad-Hoc|Any CPU.Build.0 = Ad-Hoc|iPhone
		{FC52DF6A-82C7-43BF-82DA-2CAA5C27A80F}.Ad-Hoc|Any CPU.Deploy.0 = Ad-Hoc|iPhone
		{FC52DF6A-82C7-43BF-82DA-2CAA5C27A80F}.Ad-Hoc|iPhone.ActiveCfg = Ad-Hoc|iPhone
		{FC52DF6A-82C7-43BF-82DA-2CAA5C27A80F}.Ad-Hoc|iPhone.Build.0 = Ad-Hoc|iPhone
		{FC52DF6A-82C7-43BF-82DA-2CAA5C27A80F}.Ad-Hoc|iPhone.Deploy.0 = Ad-Hoc|iPhone
		{FC52DF6A-82C7-43BF-82DA-2CAA5C27A80F}.Ad-Hoc|iPhoneSimulator.ActiveCfg = Ad-Hoc|iPhoneSimulator
		{FC52DF6A-82C7-43BF-82DA-2CAA5C27A80F}.Ad-Hoc|iPhoneSimulator.Build.0 = Ad-Hoc|iPhoneSimulator
		{FC52DF6A-82C7-43BF-82DA-2CAA5C27A80F}.Ad-Hoc|iPhoneSimulator.Deploy.0 = Ad-Hoc|iPhoneSimulator
		{FC52DF6A-82C7-43BF-82DA-2CAA5C27A80F}.AppStore|Any CPU.ActiveCfg = AppStore|iPhone
		{FC52DF6A-82C7-43BF-82DA-2CAA5C27A80F}.AppStore|Any CPU.Build.0 = AppStore|iPhone
		{FC52DF6A-82C7-43BF-82DA-2CAA5C27A80F}.AppStore|Any CPU.Deploy.0 = AppStore|iPhone
		{FC52DF6A-82C7-43BF-82DA-2CAA5C27A80F}.AppStore|iPhone.ActiveCfg = AppStore|iPhone
		{FC52DF6A-82C7-43BF-82DA-2CAA5C27A80F}.AppStore|iPhone.Build.0 = AppStore|iPhone
		{FC52DF6A-82C7-43BF-82DA-2CAA5C27A80F}.AppStore|iPhone.Deploy.0 = AppStore|iPhone
		{FC52DF6A-82C7-43BF-82DA-2CAA5C27A80F}.AppStore|iPhoneSimulator.ActiveCfg = AppStore|iPhoneSimulator
		{FC52DF6A-82C7-43BF-82DA-2CAA5C27A80F}.AppStore|iPhoneSimulator.Build.0 = AppStore|iPhoneSimulator
		{FC52DF6A-82C7-43BF-82DA-2CAA5C27A80F}.AppStore|iPhoneSimulator.Deploy.0 = AppStore|iPhoneSimulator
		{FC52DF6A-82C7-43BF-82DA-2CAA5C27A80F}.Debug|Any CPU.ActiveCfg = Debug|iPhoneSimulator
		{FC52DF6A-82C7-43BF-82DA-2CAA5C27A80F}.Debug|Any CPU.Build.0 = Debug|iPhoneSimulator
		{FC52DF6A-82C7-43BF-82DA-2CAA5C27A80F}.Debug|Any CPU.Deploy.0 = Debug|iPhoneSimulator
		{FC52DF6A-82C7-43BF-82DA-2CAA5C27A80F}.Debug|iPhone.ActiveCfg = Debug|iPhone
		{FC52DF6A-82C7-43BF-82DA-2CAA5C27A80F}.Debug|iPhone.Build.0 = Debug|iPhone
		{FC52DF6A-82C7-43BF-82DA-2CAA5C27A80F}.Debug|iPhone.Deploy.0 = Debug|iPhone
		{FC52DF6A-82C7-43BF-82DA-2CAA5C27A80F}.Debug|iPhoneSimulator.ActiveCfg = Debug|iPhoneSimulator
		{FC52DF6A-82C7-43BF-82DA-2CAA5C27A80F}.Debug|iPhoneSimulator.Build.0 = Debug|iPhoneSimulator
		{FC52DF6A-82C7-43BF-82DA-2CAA5C27A80F}.Debug|iPhoneSimulator.Deploy.0 = Debug|iPhoneSimulator
		{FC52DF6A-82C7-43BF-82DA-2CAA5C27A80F}.Release|Any CPU.ActiveCfg = Release|iPhone
		{FC52DF6A-82C7-43BF-82DA-2CAA5C27A80F}.Release|Any CPU.Build.0 = Release|iPhone
		{FC52DF6A-82C7-43BF-82DA-2CAA5C27A80F}.Release|Any CPU.Deploy.0 = Release|iPhone
		{FC52DF6A-82C7-43BF-82DA-2CAA5C27A80F}.Release|iPhone.ActiveCfg = Release|iPhone
		{FC52DF6A-82C7-43BF-82DA-2CAA5C27A80F}.Release|iPhone.Build.0 = Release|iPhone
		{FC52DF6A-82C7-43BF-82DA-2CAA5C27A80F}.Release|iPhone.Deploy.0 = Release|iPhone
		{FC52DF6A-82C7-43BF-82DA-2CAA5C27A80F}.Release|iPhoneSimulator.ActiveCfg = Release|iPhoneSimulator
		{FC52DF6A-82C7-43BF-82DA-2CAA5C27A80F}.Release|iPhoneSimulator.Build.0 = Release|iPhoneSimulator
		{FC52DF6A-82C7-43BF-82DA-2CAA5C27A80F}.Release|iPhoneSimulator.Deploy.0 = Release|iPhoneSimulator
		{139D14BB-B868-46DF-B503-7360D864686D}.Ad-Hoc|Any CPU.ActiveCfg = Debug|Any CPU
		{139D14BB-B868-46DF-B503-7360D864686D}.Ad-Hoc|Any CPU.Build.0 = Debug|Any CPU
		{139D14BB-B868-46DF-B503-7360D864686D}.Ad-Hoc|Any CPU.Deploy.0 = Debug|Any CPU
		{139D14BB-B868-46DF-B503-7360D864686D}.Ad-Hoc|iPhone.ActiveCfg = Debug|Any CPU
		{139D14BB-B868-46DF-B503-7360D864686D}.Ad-Hoc|iPhone.Build.0 = Debug|Any CPU
		{139D14BB-B868-46DF-B503-7360D864686D}.Ad-Hoc|iPhone.Deploy.0 = Debug|Any CPU
		{139D14BB-B868-46DF-B503-7360D864686D}.Ad-Hoc|iPhoneSimulator.ActiveCfg = Debug|Any CPU
		{139D14BB-B868-46DF-B503-7360D864686D}.Ad-Hoc|iPhoneSimulator.Build.0 = Debug|Any CPU
		{139D14BB-B868-46DF-B503-7360D864686D}.Ad-Hoc|iPhoneSimulator.Deploy.0 = Debug|Any CPU
		{139D14BB-B868-46DF-B503-7360D864686D}.AppStore|Any CPU.ActiveCfg = Debug|Any CPU
		{139D14BB-B868-46DF-B503-7360D864686D}.AppStore|Any CPU.Build.0 = Debug|Any CPU
		{139D14BB-B868-46DF-B503-7360D864686D}.AppStore|Any CPU.Deploy.0 = Debug|Any CPU
		{139D14BB-B868-46DF-B503-7360D864686D}.AppStore|iPhone.ActiveCfg = Debug|Any CPU
		{139D14BB-B868-46DF-B503-7360D864686D}.AppStore|iPhone.Build.0 = Debug|Any CPU
		{139D14BB-B868-46DF-B503-7360D864686D}.AppStore|iPhone.Deploy.0 = Debug|Any CPU
		{139D14BB-B868-46DF-B503-7360D864686D}.AppStore|iPhoneSimulator.ActiveCfg = Debug|Any CPU
		{139D14BB-B868-46DF-B503-7360D864686D}.AppStore|iPhoneSimulator.Build.0 = Debug|Any CPU
		{139D14BB-B868-46DF-B503-7360D864686D}.AppStore|iPhoneSimulator.Deploy.0 = Debug|Any CPU
		{139D14BB-B868-46DF-B503-7360D864686D}.Debug|Any CPU.ActiveCfg = Debug|Any CPU
		{139D14BB-B868-46DF-B503-7360D864686D}.Debug|Any CPU.Build.0 = Debug|Any CPU
		{139D14BB-B868-46DF-B503-7360D864686D}.Debug|Any CPU.Deploy.0 = Debug|Any CPU
		{139D14BB-B868-46DF-B503-7360D864686D}.Debug|iPhone.ActiveCfg = Debug|Any CPU
		{139D14BB-B868-46DF-B503-7360D864686D}.Debug|iPhone.Build.0 = Debug|Any CPU
		{139D14BB-B868-46DF-B503-7360D864686D}.Debug|iPhone.Deploy.0 = Debug|Any CPU
		{139D14BB-B868-46DF-B503-7360D864686D}.Debug|iPhoneSimulator.ActiveCfg = Debug|Any CPU
		{139D14BB-B868-46DF-B503-7360D864686D}.Debug|iPhoneSimulator.Build.0 = Debug|Any CPU
		{139D14BB-B868-46DF-B503-7360D864686D}.Debug|iPhoneSimulator.Deploy.0 = Debug|Any CPU
		{139D14BB-B868-46DF-B503-7360D864686D}.Release|Any CPU.ActiveCfg = Release|Any CPU
		{139D14BB-B868-46DF-B503-7360D864686D}.Release|Any CPU.Build.0 = Release|Any CPU
		{139D14BB-B868-46DF-B503-7360D864686D}.Release|Any CPU.Deploy.0 = Release|Any CPU
		{139D14BB-B868-46DF-B503-7360D864686D}.Release|iPhone.ActiveCfg = Release|Any CPU
		{139D14BB-B868-46DF-B503-7360D864686D}.Release|iPhone.Build.0 = Release|Any CPU
		{139D14BB-B868-46DF-B503-7360D864686D}.Release|iPhone.Deploy.0 = Release|Any CPU
		{139D14BB-B868-46DF-B503-7360D864686D}.Release|iPhoneSimulator.ActiveCfg = Release|Any CPU
		{139D14BB-B868-46DF-B503-7360D864686D}.Release|iPhoneSimulator.Build.0 = Release|Any CPU
		{139D14BB-B868-46DF-B503-7360D864686D}.Release|iPhoneSimulator.Deploy.0 = Release|Any CPU
	EndGlobalSection
	GlobalSection(SolutionProperties) = preSolution
		HideSolutionNode = FALSE
	EndGlobalSection
	GlobalSection(ExtensibilityGlobals) = postSolution
		SolutionGuid = {FE3CAC20-ED3F-4138-B6E4-28441E9E3604}
	EndGlobalSection
EndGlobal
